// !$*UTF8*$!
{
	archiveVersion = 1;
	classes = {
	};
	objectVersion = 46;
	objects = {

/* Begin PBXBuildFile section */
		0418414617AC8CC800D27C2F /* Gotham-Black.otf in Resources */ = {isa = PBXBuildFile; fileRef = 0418414117AC8CC800D27C2F /* Gotham-Black.otf */; };
		0418414717AC8CC800D27C2F /* Gotham-Bold.otf in Resources */ = {isa = PBXBuildFile; fileRef = 0418414217AC8CC800D27C2F /* Gotham-Bold.otf */; };
		0418414817AC8CC800D27C2F /* Gotham-Book.otf in Resources */ = {isa = PBXBuildFile; fileRef = 0418414317AC8CC800D27C2F /* Gotham-Book.otf */; };
		0418414917AC8CC800D27C2F /* Gotham-Medium.otf in Resources */ = {isa = PBXBuildFile; fileRef = 0418414417AC8CC800D27C2F /* Gotham-Medium.otf */; };
		0418414A17AC8CC800D27C2F /* Museo500-Regular.otf in Resources */ = {isa = PBXBuildFile; fileRef = 0418414517AC8CC800D27C2F /* Museo500-Regular.otf */; };
		0418414E17AC8D6600D27C2F /* GradientLabel.m in Sources */ = {isa = PBXBuildFile; fileRef = 0418414D17AC8D6600D27C2F /* GradientLabel.m */; };
		0418415017AC917300D27C2F /* Gotham-Light.otf in Resources */ = {isa = PBXBuildFile; fileRef = 0418414F17AC917300D27C2F /* Gotham-Light.otf */; };
		042094A116F9EDBC0019C12E /* QuartzCore.framework in Frameworks */ = {isa = PBXBuildFile; fileRef = 042094A016F9EDBC0019C12E /* QuartzCore.framework */; };
		042094AE16F9F2DB0019C12E /* tyre_inner@2x.png in Resources */ = {isa = PBXBuildFile; fileRef = 042094A716F9F2DB0019C12E /* tyre_inner@2x.png */; };
		042094AF16F9F2DB0019C12E /* tyre_outer@2x.png in Resources */ = {isa = PBXBuildFile; fileRef = 042094A816F9F2DB0019C12E /* tyre_outer@2x.png */; };
		042094BB16FA09340019C12E /* OperationView.m in Sources */ = {isa = PBXBuildFile; fileRef = 042094B816FA09340019C12E /* OperationView.m */; };
		042094BC16FA09340019C12E /* ParameterView.m in Sources */ = {isa = PBXBuildFile; fileRef = 042094BA16FA09340019C12E /* ParameterView.m */; };
		042094BF16FA1B6D0019C12E /* HandleView.m in Sources */ = {isa = PBXBuildFile; fileRef = 042094BE16FA1B6D0019C12E /* HandleView.m */; };
		042094C216FA230E0019C12E /* TyreView.m in Sources */ = {isa = PBXBuildFile; fileRef = 042094C116FA230E0019C12E /* TyreView.m */; };
		042A94A017ABAEE3003A60D4 /* add_left_off@2x.png in Resources */ = {isa = PBXBuildFile; fileRef = 042A949F17ABAEE3003A60D4 /* add_left_off@2x.png */; };
		046A656417ABAD0300DBCEF7 /* handle_lb_bg@2x.png in Resources */ = {isa = PBXBuildFile; fileRef = 046A655517ABAD0300DBCEF7 /* handle_lb_bg@2x.png */; };
		046A656517ABAD0300DBCEF7 /* handle_lm_bg@2x.png in Resources */ = {isa = PBXBuildFile; fileRef = 046A655617ABAD0300DBCEF7 /* handle_lm_bg@2x.png */; };
		046A656617ABAD0300DBCEF7 /* handle_lt_bg@2x.png in Resources */ = {isa = PBXBuildFile; fileRef = 046A655717ABAD0300DBCEF7 /* handle_lt_bg@2x.png */; };
		046A656717ABAD0300DBCEF7 /* add_right_off@2x.png in Resources */ = {isa = PBXBuildFile; fileRef = 046A655817ABAD0300DBCEF7 /* add_right_off@2x.png */; };
		046A656917ABAD0300DBCEF7 /* add_left_on@2x.png in Resources */ = {isa = PBXBuildFile; fileRef = 046A655A17ABAD0300DBCEF7 /* add_left_on@2x.png */; };
		046A656A17ABAD0300DBCEF7 /* add_right_on@2x.png in Resources */ = {isa = PBXBuildFile; fileRef = 046A655B17ABAD0300DBCEF7 /* add_right_on@2x.png */; };
		046A656B17ABAD0300DBCEF7 /* minus_right_off@2x.png in Resources */ = {isa = PBXBuildFile; fileRef = 046A655C17ABAD0300DBCEF7 /* minus_right_off@2x.png */; };
		046A656C17ABAD0300DBCEF7 /* minus_left_off@2x.png in Resources */ = {isa = PBXBuildFile; fileRef = 046A655D17ABAD0300DBCEF7 /* minus_left_off@2x.png */; };
		046A656D17ABAD0300DBCEF7 /* minus_left_on@2x.png in Resources */ = {isa = PBXBuildFile; fileRef = 046A655E17ABAD0300DBCEF7 /* minus_left_on@2x.png */; };
		046A656E17ABAD0300DBCEF7 /* minus_right_on@2x.png in Resources */ = {isa = PBXBuildFile; fileRef = 046A655F17ABAD0300DBCEF7 /* minus_right_on@2x.png */; };
		047973C8172D9EB10037CD8B /* OtherViewController.m in Sources */ = {isa = PBXBuildFile; fileRef = 047973C7172D9EB10037CD8B /* OtherViewController.m */; };
		047973CB172DA3BA0037CD8B /* leonqin@2x.png in Resources */ = {isa = PBXBuildFile; fileRef = 047973C9172DA3BA0037CD8B /* leonqin@2x.png */; };
		047973CC172DA3BA0037CD8B /* mactive@2x.png in Resources */ = {isa = PBXBuildFile; fileRef = 047973CA172DA3BA0037CD8B /* mactive@2x.png */; };
		048010B017ABBAAC00D872E5 /* operView_bg@2x.png in Resources */ = {isa = PBXBuildFile; fileRef = 048010AF17ABBAAC00D872E5 /* operView_bg@2x.png */; };
		048010B417ABBE3900D872E5 /* handle_rb_bg@2x.png in Resources */ = {isa = PBXBuildFile; fileRef = 048010B117ABBE3900D872E5 /* handle_rb_bg@2x.png */; };
		048010B517ABBE3900D872E5 /* handle_rm_bg@2x.png in Resources */ = {isa = PBXBuildFile; fileRef = 048010B217ABBE3900D872E5 /* handle_rm_bg@2x.png */; };
		048010B617ABBE3900D872E5 /* handle_rt_bg@2x.png in Resources */ = {isa = PBXBuildFile; fileRef = 048010B317ABBE3900D872E5 /* handle_rt_bg@2x.png */; };
		0480E6641705E54300A12128 /* tyresize@2x.png in Resources */ = {isa = PBXBuildFile; fileRef = 0480E6631705E54300A12128 /* tyresize@2x.png */; };
		04880E6017AE34E000FA3851 /* BlueLabel.m in Sources */ = {isa = PBXBuildFile; fileRef = 04880E5F17AE34E000FA3851 /* BlueLabel.m */; };
		04880E6317AE389000FA3851 /* ColoredLabel.m in Sources */ = {isa = PBXBuildFile; fileRef = 04880E6217AE389000FA3851 /* ColoredLabel.m */; };
		04880E6617AE3C7E00FA3851 /* ColoredButton.m in Sources */ = {isa = PBXBuildFile; fileRef = 04880E6517AE3C7E00FA3851 /* ColoredButton.m */; };
		049585EE17B9362100031292 /* MCTabBarController.m in Sources */ = {isa = PBXBuildFile; fileRef = 049585ED17B9362100031292 /* MCTabBarController.m */; };
		0497015817ADF3A70040995A /* SettingHelper.m in Sources */ = {isa = PBXBuildFile; fileRef = 0497015717ADF3A70040995A /* SettingHelper.m */; };
		0497015C17AE20F50040995A /* lock_off@2x.png in Resources */ = {isa = PBXBuildFile; fileRef = 0497015A17AE20F50040995A /* lock_off@2x.png */; };
		0497015D17AE20F50040995A /* lock_on@2x.png in Resources */ = {isa = PBXBuildFile; fileRef = 0497015B17AE20F50040995A /* lock_on@2x.png */; };
		0497016117AE2C8B0040995A /* btnOn_bg@2x.png in Resources */ = {isa = PBXBuildFile; fileRef = 0497015E17AE2C8B0040995A /* btnOn_bg@2x.png */; };
		0497016217AE2C8B0040995A /* btnView_bg@2x.png in Resources */ = {isa = PBXBuildFile; fileRef = 0497015F17AE2C8B0040995A /* btnView_bg@2x.png */; };
		0497016317AE2C8B0040995A /* prmtView_bg@2x.png in Resources */ = {isa = PBXBuildFile; fileRef = 0497016017AE2C8B0040995A /* prmtView_bg@2x.png */; };
		0497016617AE2FC20040995A /* OrangeLabel.m in Sources */ = {isa = PBXBuildFile; fileRef = 0497016517AE2FC20040995A /* OrangeLabel.m */; };
		0497016917AE300A0040995A /* GradientNormalLabel.m in Sources */ = {isa = PBXBuildFile; fileRef = 0497016817AE300A0040995A /* GradientNormalLabel.m */; };
		049C738317BBCB2A0012B18D /* KBButton.m in Sources */ = {isa = PBXBuildFile; fileRef = 049C738217BBCB2A0012B18D /* KBButton.m */; };
		04A75D0817B91BC100CB7EE6 /* Wiki_note@2x.png in Resources */ = {isa = PBXBuildFile; fileRef = 04A75D0117B91BC100CB7EE6 /* Wiki_note@2x.png */; };
		04A75D0917B91BC100CB7EE6 /* down_arraw@2x.png in Resources */ = {isa = PBXBuildFile; fileRef = 04A75D0217B91BC100CB7EE6 /* down_arraw@2x.png */; };
		04A75D0A17B91BC100CB7EE6 /* big_tyre@2x.png in Resources */ = {isa = PBXBuildFile; fileRef = 04A75D0317B91BC100CB7EE6 /* big_tyre@2x.png */; };
		04A75D0B17B91BC100CB7EE6 /* shadow_hover@2x.png in Resources */ = {isa = PBXBuildFile; fileRef = 04A75D0417B91BC100CB7EE6 /* shadow_hover@2x.png */; };
		04A75D0C17B91BC100CB7EE6 /* wiki_btn_off@2x.png in Resources */ = {isa = PBXBuildFile; fileRef = 04A75D0517B91BC100CB7EE6 /* wiki_btn_off@2x.png */; };
		04A75D0D17B91BC100CB7EE6 /* wiki_btn_on@2x.png in Resources */ = {isa = PBXBuildFile; fileRef = 04A75D0617B91BC100CB7EE6 /* wiki_btn_on@2x.png */; };
		04A75D0E17B91BC100CB7EE6 /* wiki_detail_bg@2x.png in Resources */ = {isa = PBXBuildFile; fileRef = 04A75D0717B91BC100CB7EE6 /* wiki_detail_bg@2x.png */; };
		04CE58CB17C90BFF00C7221F /* MultilineLabel.m in Sources */ = {isa = PBXBuildFile; fileRef = 04CE58CA17C90BFF00C7221F /* MultilineLabel.m */; };
		04CEECC117AB4C5F00DCE91F /* UINavigationBar+CustomNav.m in Sources */ = {isa = PBXBuildFile; fileRef = 04CEECC017AB4C5F00DCE91F /* UINavigationBar+CustomNav.m */; };
		04CEECC417AB4D9B00DCE91F /* navigationBar_bg@2x.png in Resources */ = {isa = PBXBuildFile; fileRef = 04CEECC317AB4D9B00DCE91F /* navigationBar_bg@2x.png */; };
		04CEECC617AB549300DCE91F /* tyreView_bg@2x.png in Resources */ = {isa = PBXBuildFile; fileRef = 04CEECC517AB549300DCE91F /* tyreView_bg@2x.png */; };
		04EBBC0F17CA45CF00DE1148 /* MultilineView.m in Sources */ = {isa = PBXBuildFile; fileRef = 04EBBC0E17CA45CF00DE1148 /* MultilineView.m */; };
		04EF7CA017D2C1DA007F762E /* GCPagedScrollView.m in Sources */ = {isa = PBXBuildFile; fileRef = 04EF7C9817D2C1DA007F762E /* GCPagedScrollView.m */; };
		26049F4E17D833CE00CDA26B /* counselor_icon@2x.png in Resources */ = {isa = PBXBuildFile; fileRef = 26049F4C17D833CE00CDA26B /* counselor_icon@2x.png */; };
		26049F4F17D833CE00CDA26B /* kuangwenjun_avatar@2x.png in Resources */ = {isa = PBXBuildFile; fileRef = 26049F4D17D833CE00CDA26B /* kuangwenjun_avatar@2x.png */; };
		263C503917D56B70006050BE /* AvatarButton.m in Sources */ = {isa = PBXBuildFile; fileRef = 263C503817D56B70006050BE /* AvatarButton.m */; };
		264F719D16E9A3EE00E77FE0 /* UIKit.framework in Frameworks */ = {isa = PBXBuildFile; fileRef = 264F719C16E9A3EE00E77FE0 /* UIKit.framework */; };
		264F719F16E9A3EE00E77FE0 /* Foundation.framework in Frameworks */ = {isa = PBXBuildFile; fileRef = 264F719E16E9A3EE00E77FE0 /* Foundation.framework */; };
		264F71A116E9A3EE00E77FE0 /* CoreGraphics.framework in Frameworks */ = {isa = PBXBuildFile; fileRef = 264F71A016E9A3EE00E77FE0 /* CoreGraphics.framework */; };
		264F71A316E9A3EE00E77FE0 /* CoreData.framework in Frameworks */ = {isa = PBXBuildFile; fileRef = 264F71A216E9A3EE00E77FE0 /* CoreData.framework */; };
		264F71A916E9A3EE00E77FE0 /* InfoPlist.strings in Resources */ = {isa = PBXBuildFile; fileRef = 264F71A716E9A3EE00E77FE0 /* InfoPlist.strings */; };
		264F71AB16E9A3EE00E77FE0 /* main.m in Sources */ = {isa = PBXBuildFile; fileRef = 264F71AA16E9A3EE00E77FE0 /* main.m */; };
		264F71AF16E9A3EE00E77FE0 /* AppDelegate.m in Sources */ = {isa = PBXBuildFile; fileRef = 264F71AE16E9A3EE00E77FE0 /* AppDelegate.m */; };
		264F71B116E9A3EE00E77FE0 /* Default.png in Resources */ = {isa = PBXBuildFile; fileRef = 264F71B016E9A3EE00E77FE0 /* Default.png */; };
		264F71B316E9A3EE00E77FE0 /* Default@2x.png in Resources */ = {isa = PBXBuildFile; fileRef = 264F71B216E9A3EE00E77FE0 /* Default@2x.png */; };
		264F71B516E9A3EE00E77FE0 /* Default-568h@2x.png in Resources */ = {isa = PBXBuildFile; fileRef = 264F71B416E9A3EE00E77FE0 /* Default-568h@2x.png */; };
		264F71B816E9A3EE00E77FE0 /* tyresize.xcdatamodeld in Sources */ = {isa = PBXBuildFile; fileRef = 264F71B616E9A3EE00E77FE0 /* tyresize.xcdatamodeld */; };
		264F71C616E9A48F00E77FE0 /* welcome.png in Resources */ = {isa = PBXBuildFile; fileRef = 264F71C216E9A48F00E77FE0 /* welcome.png */; };
		2666CB3A17D0219700AA399E /* ScrollCellUIView.m in Sources */ = {isa = PBXBuildFile; fileRef = 2666CB3917D0219700AA399E /* ScrollCellUIView.m */; };
		2666CB4417D021B400AA399E /* developer_icon@2x.png in Resources */ = {isa = PBXBuildFile; fileRef = 2666CB3B17D021B400AA399E /* developer_icon@2x.png */; };
		2666CB4517D021B400AA399E /* mactive_avatar@2x.png in Resources */ = {isa = PBXBuildFile; fileRef = 2666CB3C17D021B400AA399E /* mactive_avatar@2x.png */; };
		2666CB4617D021B400AA399E /* designer_icon@2x.png in Resources */ = {isa = PBXBuildFile; fileRef = 2666CB3D17D021B400AA399E /* designer_icon@2x.png */; };
		2666CB4717D021B400AA399E /* leno_avatar@2x.png in Resources */ = {isa = PBXBuildFile; fileRef = 2666CB3E17D021B400AA399E /* leno_avatar@2x.png */; };
		2666CB4817D021B400AA399E /* slider_5@2x.png in Resources */ = {isa = PBXBuildFile; fileRef = 2666CB3F17D021B400AA399E /* slider_5@2x.png */; };
		2666CB4917D021B400AA399E /* slider_4@2x.png in Resources */ = {isa = PBXBuildFile; fileRef = 2666CB4017D021B400AA399E /* slider_4@2x.png */; };
		2666CB4A17D021B400AA399E /* slider_3@2x.png in Resources */ = {isa = PBXBuildFile; fileRef = 2666CB4117D021B400AA399E /* slider_3@2x.png */; };
		2666CB4B17D021B400AA399E /* slider_2@2x.png in Resources */ = {isa = PBXBuildFile; fileRef = 2666CB4217D021B400AA399E /* slider_2@2x.png */; };
		2666CB4C17D021B400AA399E /* slider_1@2x.png in Resources */ = {isa = PBXBuildFile; fileRef = 2666CB4317D021B400AA399E /* slider_1@2x.png */; };
		26C982C716E9AA1B00295FAE /* Icon.png in Resources */ = {isa = PBXBuildFile; fileRef = 26C982C516E9AA1B00295FAE /* Icon.png */; };
		26C982C816E9AA1B00295FAE /* Icon@2x.png in Resources */ = {isa = PBXBuildFile; fileRef = 26C982C616E9AA1B00295FAE /* Icon@2x.png */; };
		26C982CA16E9AA2300295FAE /* Icon.png in Resources */ = {isa = PBXBuildFile; fileRef = 26C982C916E9AA2300295FAE /* Icon.png */; };
		26C982CC16E9AA2700295FAE /* Icon@2x.png in Resources */ = {isa = PBXBuildFile; fileRef = 26C982CB16E9AA2700295FAE /* Icon@2x.png */; };
		26C982CF16E9AA6C00295FAE /* MainViewController.m in Sources */ = {isa = PBXBuildFile; fileRef = 26C982CE16E9AA6C00295FAE /* MainViewController.m */; };
		26C982D416E9AEF100295FAE /* KBViewController.m in Sources */ = {isa = PBXBuildFile; fileRef = 26C982D316E9AEF100295FAE /* KBViewController.m */; };
		37520B2769C24344B1FBBE53 /* libPods.a in Frameworks */ = {isa = PBXBuildFile; fileRef = 1CC5B0A105C840CA862CA764 /* libPods.a */; };
/* End PBXBuildFile section */

/* Begin PBXFileReference section */
		0418414117AC8CC800D27C2F /* Gotham-Black.otf */ = {isa = PBXFileReference; lastKnownFileType = file; path = "Gotham-Black.otf"; sourceTree = "<group>"; };
		0418414217AC8CC800D27C2F /* Gotham-Bold.otf */ = {isa = PBXFileReference; lastKnownFileType = file; path = "Gotham-Bold.otf"; sourceTree = "<group>"; };
		0418414317AC8CC800D27C2F /* Gotham-Book.otf */ = {isa = PBXFileReference; lastKnownFileType = file; path = "Gotham-Book.otf"; sourceTree = "<group>"; };
		0418414417AC8CC800D27C2F /* Gotham-Medium.otf */ = {isa = PBXFileReference; lastKnownFileType = file; path = "Gotham-Medium.otf"; sourceTree = "<group>"; };
		0418414517AC8CC800D27C2F /* Museo500-Regular.otf */ = {isa = PBXFileReference; lastKnownFileType = file; path = "Museo500-Regular.otf"; sourceTree = "<group>"; };
		0418414C17AC8D6600D27C2F /* GradientLabel.h */ = {isa = PBXFileReference; fileEncoding = 4; lastKnownFileType = sourcecode.c.h; path = GradientLabel.h; sourceTree = "<group>"; };
		0418414D17AC8D6600D27C2F /* GradientLabel.m */ = {isa = PBXFileReference; fileEncoding = 4; lastKnownFileType = sourcecode.c.objc; path = GradientLabel.m; sourceTree = "<group>"; };
		0418414F17AC917300D27C2F /* Gotham-Light.otf */ = {isa = PBXFileReference; lastKnownFileType = file; path = "Gotham-Light.otf"; sourceTree = "<group>"; };
		042094A016F9EDBC0019C12E /* QuartzCore.framework */ = {isa = PBXFileReference; lastKnownFileType = wrapper.framework; name = QuartzCore.framework; path = System/Library/Frameworks/QuartzCore.framework; sourceTree = SDKROOT; };
		042094A716F9F2DB0019C12E /* tyre_inner@2x.png */ = {isa = PBXFileReference; lastKnownFileType = image.png; path = "tyre_inner@2x.png"; sourceTree = "<group>"; };
		042094A816F9F2DB0019C12E /* tyre_outer@2x.png */ = {isa = PBXFileReference; lastKnownFileType = image.png; path = "tyre_outer@2x.png"; sourceTree = "<group>"; };
		042094B716FA09340019C12E /* OperationView.h */ = {isa = PBXFileReference; fileEncoding = 4; lastKnownFileType = sourcecode.c.h; path = OperationView.h; sourceTree = "<group>"; };
		042094B816FA09340019C12E /* OperationView.m */ = {isa = PBXFileReference; fileEncoding = 4; lastKnownFileType = sourcecode.c.objc; path = OperationView.m; sourceTree = "<group>"; };
		042094B916FA09340019C12E /* ParameterView.h */ = {isa = PBXFileReference; fileEncoding = 4; lastKnownFileType = sourcecode.c.h; path = ParameterView.h; sourceTree = "<group>"; };
		042094BA16FA09340019C12E /* ParameterView.m */ = {isa = PBXFileReference; fileEncoding = 4; lastKnownFileType = sourcecode.c.objc; path = ParameterView.m; sourceTree = "<group>"; };
		042094BD16FA1B6D0019C12E /* HandleView.h */ = {isa = PBXFileReference; fileEncoding = 4; lastKnownFileType = sourcecode.c.h; path = HandleView.h; sourceTree = "<group>"; };
		042094BE16FA1B6D0019C12E /* HandleView.m */ = {isa = PBXFileReference; fileEncoding = 4; lastKnownFileType = sourcecode.c.objc; path = HandleView.m; sourceTree = "<group>"; };
		042094C016FA230E0019C12E /* TyreView.h */ = {isa = PBXFileReference; fileEncoding = 4; lastKnownFileType = sourcecode.c.h; path = TyreView.h; sourceTree = "<group>"; };
		042094C116FA230E0019C12E /* TyreView.m */ = {isa = PBXFileReference; fileEncoding = 4; lastKnownFileType = sourcecode.c.objc; path = TyreView.m; sourceTree = "<group>"; };
		0427F61416F8C9A20001FF9D /* AppDefs.h */ = {isa = PBXFileReference; lastKnownFileType = sourcecode.c.h; path = AppDefs.h; sourceTree = "<group>"; };
		042A949F17ABAEE3003A60D4 /* add_left_off@2x.png */ = {isa = PBXFileReference; lastKnownFileType = image.png; path = "add_left_off@2x.png"; sourceTree = "<group>"; };
		043C8142170368CA00BF5AA3 /* LockNowTyreDelegate.h */ = {isa = PBXFileReference; lastKnownFileType = sourcecode.c.h; path = LockNowTyreDelegate.h; sourceTree = "<group>"; };
		046A2D1B16FF068A00DFAB86 /* PassValueDelegate.h */ = {isa = PBXFileReference; lastKnownFileType = sourcecode.c.h; path = PassValueDelegate.h; sourceTree = "<group>"; };
		046A655517ABAD0300DBCEF7 /* handle_lb_bg@2x.png */ = {isa = PBXFileReference; lastKnownFileType = image.png; path = "handle_lb_bg@2x.png"; sourceTree = "<group>"; };
		046A655617ABAD0300DBCEF7 /* handle_lm_bg@2x.png */ = {isa = PBXFileReference; lastKnownFileType = image.png; path = "handle_lm_bg@2x.png"; sourceTree = "<group>"; };
		046A655717ABAD0300DBCEF7 /* handle_lt_bg@2x.png */ = {isa = PBXFileReference; lastKnownFileType = image.png; path = "handle_lt_bg@2x.png"; sourceTree = "<group>"; };
		046A655817ABAD0300DBCEF7 /* add_right_off@2x.png */ = {isa = PBXFileReference; lastKnownFileType = image.png; path = "add_right_off@2x.png"; sourceTree = "<group>"; };
		046A655A17ABAD0300DBCEF7 /* add_left_on@2x.png */ = {isa = PBXFileReference; lastKnownFileType = image.png; path = "add_left_on@2x.png"; sourceTree = "<group>"; };
		046A655B17ABAD0300DBCEF7 /* add_right_on@2x.png */ = {isa = PBXFileReference; lastKnownFileType = image.png; path = "add_right_on@2x.png"; sourceTree = "<group>"; };
		046A655C17ABAD0300DBCEF7 /* minus_right_off@2x.png */ = {isa = PBXFileReference; lastKnownFileType = image.png; path = "minus_right_off@2x.png"; sourceTree = "<group>"; };
		046A655D17ABAD0300DBCEF7 /* minus_left_off@2x.png */ = {isa = PBXFileReference; lastKnownFileType = image.png; path = "minus_left_off@2x.png"; sourceTree = "<group>"; };
		046A655E17ABAD0300DBCEF7 /* minus_left_on@2x.png */ = {isa = PBXFileReference; lastKnownFileType = image.png; path = "minus_left_on@2x.png"; sourceTree = "<group>"; };
		046A655F17ABAD0300DBCEF7 /* minus_right_on@2x.png */ = {isa = PBXFileReference; lastKnownFileType = image.png; path = "minus_right_on@2x.png"; sourceTree = "<group>"; };
		047973C6172D9EB10037CD8B /* OtherViewController.h */ = {isa = PBXFileReference; fileEncoding = 4; lastKnownFileType = sourcecode.c.h; name = OtherViewController.h; path = ViewController/OtherViewController.h; sourceTree = "<group>"; };
		047973C7172D9EB10037CD8B /* OtherViewController.m */ = {isa = PBXFileReference; fileEncoding = 4; lastKnownFileType = sourcecode.c.objc; name = OtherViewController.m; path = ViewController/OtherViewController.m; sourceTree = "<group>"; };
		047973C9172DA3BA0037CD8B /* leonqin@2x.png */ = {isa = PBXFileReference; lastKnownFileType = image.png; path = "leonqin@2x.png"; sourceTree = "<group>"; };
		047973CA172DA3BA0037CD8B /* mactive@2x.png */ = {isa = PBXFileReference; lastKnownFileType = image.png; path = "mactive@2x.png"; sourceTree = "<group>"; };
		048010AF17ABBAAC00D872E5 /* operView_bg@2x.png */ = {isa = PBXFileReference; lastKnownFileType = image.png; path = "operView_bg@2x.png"; sourceTree = "<group>"; };
		048010B117ABBE3900D872E5 /* handle_rb_bg@2x.png */ = {isa = PBXFileReference; lastKnownFileType = image.png; path = "handle_rb_bg@2x.png"; sourceTree = "<group>"; };
		048010B217ABBE3900D872E5 /* handle_rm_bg@2x.png */ = {isa = PBXFileReference; lastKnownFileType = image.png; path = "handle_rm_bg@2x.png"; sourceTree = "<group>"; };
		048010B317ABBE3900D872E5 /* handle_rt_bg@2x.png */ = {isa = PBXFileReference; lastKnownFileType = image.png; path = "handle_rt_bg@2x.png"; sourceTree = "<group>"; };
		0480E6631705E54300A12128 /* tyresize@2x.png */ = {isa = PBXFileReference; lastKnownFileType = image.png; path = "tyresize@2x.png"; sourceTree = "<group>"; };
		04880E5E17AE34E000FA3851 /* BlueLabel.h */ = {isa = PBXFileReference; fileEncoding = 4; lastKnownFileType = sourcecode.c.h; path = BlueLabel.h; sourceTree = "<group>"; };
		04880E5F17AE34E000FA3851 /* BlueLabel.m */ = {isa = PBXFileReference; fileEncoding = 4; lastKnownFileType = sourcecode.c.objc; path = BlueLabel.m; sourceTree = "<group>"; };
		04880E6117AE389000FA3851 /* ColoredLabel.h */ = {isa = PBXFileReference; fileEncoding = 4; lastKnownFileType = sourcecode.c.h; path = ColoredLabel.h; sourceTree = "<group>"; };
		04880E6217AE389000FA3851 /* ColoredLabel.m */ = {isa = PBXFileReference; fileEncoding = 4; lastKnownFileType = sourcecode.c.objc; path = ColoredLabel.m; sourceTree = "<group>"; };
		04880E6417AE3C7E00FA3851 /* ColoredButton.h */ = {isa = PBXFileReference; fileEncoding = 4; lastKnownFileType = sourcecode.c.h; path = ColoredButton.h; sourceTree = "<group>"; };
		04880E6517AE3C7E00FA3851 /* ColoredButton.m */ = {isa = PBXFileReference; fileEncoding = 4; lastKnownFileType = sourcecode.c.objc; path = ColoredButton.m; sourceTree = "<group>"; };
		049585EC17B9362100031292 /* MCTabBarController.h */ = {isa = PBXFileReference; fileEncoding = 4; lastKnownFileType = sourcecode.c.h; name = MCTabBarController.h; path = ViewController/MCTabBarController.h; sourceTree = "<group>"; };
		049585ED17B9362100031292 /* MCTabBarController.m */ = {isa = PBXFileReference; fileEncoding = 4; lastKnownFileType = sourcecode.c.objc; name = MCTabBarController.m; path = ViewController/MCTabBarController.m; sourceTree = "<group>"; };
		0497015617ADF3A70040995A /* SettingHelper.h */ = {isa = PBXFileReference; fileEncoding = 4; lastKnownFileType = sourcecode.c.h; path = SettingHelper.h; sourceTree = "<group>"; };
		0497015717ADF3A70040995A /* SettingHelper.m */ = {isa = PBXFileReference; fileEncoding = 4; lastKnownFileType = sourcecode.c.objc; path = SettingHelper.m; sourceTree = "<group>"; };
		0497015A17AE20F50040995A /* lock_off@2x.png */ = {isa = PBXFileReference; lastKnownFileType = image.png; path = "lock_off@2x.png"; sourceTree = "<group>"; };
		0497015B17AE20F50040995A /* lock_on@2x.png */ = {isa = PBXFileReference; lastKnownFileType = image.png; path = "lock_on@2x.png"; sourceTree = "<group>"; };
		0497015E17AE2C8B0040995A /* btnOn_bg@2x.png */ = {isa = PBXFileReference; lastKnownFileType = image.png; path = "btnOn_bg@2x.png"; sourceTree = "<group>"; };
		0497015F17AE2C8B0040995A /* btnView_bg@2x.png */ = {isa = PBXFileReference; lastKnownFileType = image.png; path = "btnView_bg@2x.png"; sourceTree = "<group>"; };
		0497016017AE2C8B0040995A /* prmtView_bg@2x.png */ = {isa = PBXFileReference; lastKnownFileType = image.png; path = "prmtView_bg@2x.png"; sourceTree = "<group>"; };
		0497016417AE2FC20040995A /* OrangeLabel.h */ = {isa = PBXFileReference; fileEncoding = 4; lastKnownFileType = sourcecode.c.h; path = OrangeLabel.h; sourceTree = "<group>"; };
		0497016517AE2FC20040995A /* OrangeLabel.m */ = {isa = PBXFileReference; fileEncoding = 4; lastKnownFileType = sourcecode.c.objc; path = OrangeLabel.m; sourceTree = "<group>"; };
		0497016717AE300A0040995A /* GradientNormalLabel.h */ = {isa = PBXFileReference; fileEncoding = 4; lastKnownFileType = sourcecode.c.h; path = GradientNormalLabel.h; sourceTree = "<group>"; };
		0497016817AE300A0040995A /* GradientNormalLabel.m */ = {isa = PBXFileReference; fileEncoding = 4; lastKnownFileType = sourcecode.c.objc; path = GradientNormalLabel.m; sourceTree = "<group>"; };
		049C738117BBCB2A0012B18D /* KBButton.h */ = {isa = PBXFileReference; fileEncoding = 4; lastKnownFileType = sourcecode.c.h; path = KBButton.h; sourceTree = "<group>"; };
		049C738217BBCB2A0012B18D /* KBButton.m */ = {isa = PBXFileReference; fileEncoding = 4; lastKnownFileType = sourcecode.c.objc; path = KBButton.m; sourceTree = "<group>"; };
		04A75D0117B91BC100CB7EE6 /* Wiki_note@2x.png */ = {isa = PBXFileReference; lastKnownFileType = image.png; path = "Wiki_note@2x.png"; sourceTree = "<group>"; };
		04A75D0217B91BC100CB7EE6 /* down_arraw@2x.png */ = {isa = PBXFileReference; lastKnownFileType = image.png; path = "down_arraw@2x.png"; sourceTree = "<group>"; };
		04A75D0317B91BC100CB7EE6 /* big_tyre@2x.png */ = {isa = PBXFileReference; lastKnownFileType = image.png; path = "big_tyre@2x.png"; sourceTree = "<group>"; };
		04A75D0417B91BC100CB7EE6 /* shadow_hover@2x.png */ = {isa = PBXFileReference; lastKnownFileType = image.png; path = "shadow_hover@2x.png"; sourceTree = "<group>"; };
		04A75D0517B91BC100CB7EE6 /* wiki_btn_off@2x.png */ = {isa = PBXFileReference; lastKnownFileType = image.png; path = "wiki_btn_off@2x.png"; sourceTree = "<group>"; };
		04A75D0617B91BC100CB7EE6 /* wiki_btn_on@2x.png */ = {isa = PBXFileReference; lastKnownFileType = image.png; path = "wiki_btn_on@2x.png"; sourceTree = "<group>"; };
		04A75D0717B91BC100CB7EE6 /* wiki_detail_bg@2x.png */ = {isa = PBXFileReference; lastKnownFileType = image.png; path = "wiki_detail_bg@2x.png"; sourceTree = "<group>"; };
		04CE58C917C90BFF00C7221F /* MultilineLabel.h */ = {isa = PBXFileReference; fileEncoding = 4; lastKnownFileType = sourcecode.c.h; path = MultilineLabel.h; sourceTree = "<group>"; };
		04CE58CA17C90BFF00C7221F /* MultilineLabel.m */ = {isa = PBXFileReference; fileEncoding = 4; lastKnownFileType = sourcecode.c.objc; path = MultilineLabel.m; sourceTree = "<group>"; };
		04CEECBF17AB4C5F00DCE91F /* UINavigationBar+CustomNav.h */ = {isa = PBXFileReference; fileEncoding = 4; lastKnownFileType = sourcecode.c.h; path = "UINavigationBar+CustomNav.h"; sourceTree = "<group>"; };
		04CEECC017AB4C5F00DCE91F /* UINavigationBar+CustomNav.m */ = {isa = PBXFileReference; fileEncoding = 4; lastKnownFileType = sourcecode.c.objc; path = "UINavigationBar+CustomNav.m"; sourceTree = "<group>"; };
		04CEECC317AB4D9B00DCE91F /* navigationBar_bg@2x.png */ = {isa = PBXFileReference; lastKnownFileType = image.png; path = "navigationBar_bg@2x.png"; sourceTree = "<group>"; };
		04CEECC517AB549300DCE91F /* tyreView_bg@2x.png */ = {isa = PBXFileReference; lastKnownFileType = image.png; path = "tyreView_bg@2x.png"; sourceTree = "<group>"; };
		04EBBC0D17CA45CF00DE1148 /* MultilineView.h */ = {isa = PBXFileReference; fileEncoding = 4; lastKnownFileType = sourcecode.c.h; path = MultilineView.h; sourceTree = "<group>"; };
		04EBBC0E17CA45CF00DE1148 /* MultilineView.m */ = {isa = PBXFileReference; fileEncoding = 4; lastKnownFileType = sourcecode.c.objc; path = MultilineView.m; sourceTree = "<group>"; };
		04EF7C9717D2C1DA007F762E /* GCPagedScrollView.h */ = {isa = PBXFileReference; fileEncoding = 4; lastKnownFileType = sourcecode.c.h; path = GCPagedScrollView.h; sourceTree = "<group>"; };
		04EF7C9817D2C1DA007F762E /* GCPagedScrollView.m */ = {isa = PBXFileReference; fileEncoding = 4; lastKnownFileType = sourcecode.c.objc; path = GCPagedScrollView.m; sourceTree = "<group>"; };
		1CC5B0A105C840CA862CA764 /* libPods.a */ = {isa = PBXFileReference; explicitFileType = archive.ar; includeInIndex = 0; path = libPods.a; sourceTree = BUILT_PRODUCTS_DIR; };
		26049F4C17D833CE00CDA26B /* counselor_icon@2x.png */ = {isa = PBXFileReference; lastKnownFileType = image.png; path = "counselor_icon@2x.png"; sourceTree = "<group>"; };
		26049F4D17D833CE00CDA26B /* kuangwenjun_avatar@2x.png */ = {isa = PBXFileReference; lastKnownFileType = image.png; path = "kuangwenjun_avatar@2x.png"; sourceTree = "<group>"; };
		263C503717D56B70006050BE /* AvatarButton.h */ = {isa = PBXFileReference; fileEncoding = 4; lastKnownFileType = sourcecode.c.h; path = AvatarButton.h; sourceTree = "<group>"; };
		263C503817D56B70006050BE /* AvatarButton.m */ = {isa = PBXFileReference; fileEncoding = 4; lastKnownFileType = sourcecode.c.objc; path = AvatarButton.m; sourceTree = "<group>"; };
		264F719916E9A3EE00E77FE0 /* tyresize.app */ = {isa = PBXFileReference; explicitFileType = wrapper.application; includeInIndex = 0; path = tyresize.app; sourceTree = BUILT_PRODUCTS_DIR; };
		264F719C16E9A3EE00E77FE0 /* UIKit.framework */ = {isa = PBXFileReference; lastKnownFileType = wrapper.framework; name = UIKit.framework; path = System/Library/Frameworks/UIKit.framework; sourceTree = SDKROOT; };
		264F719E16E9A3EE00E77FE0 /* Foundation.framework */ = {isa = PBXFileReference; lastKnownFileType = wrapper.framework; name = Foundation.framework; path = System/Library/Frameworks/Foundation.framework; sourceTree = SDKROOT; };
		264F71A016E9A3EE00E77FE0 /* CoreGraphics.framework */ = {isa = PBXFileReference; lastKnownFileType = wrapper.framework; name = CoreGraphics.framework; path = System/Library/Frameworks/CoreGraphics.framework; sourceTree = SDKROOT; };
		264F71A216E9A3EE00E77FE0 /* CoreData.framework */ = {isa = PBXFileReference; lastKnownFileType = wrapper.framework; name = CoreData.framework; path = System/Library/Frameworks/CoreData.framework; sourceTree = SDKROOT; };
		264F71A616E9A3EE00E77FE0 /* tyresize-Info.plist */ = {isa = PBXFileReference; lastKnownFileType = text.plist.xml; path = "tyresize-Info.plist"; sourceTree = "<group>"; };
		264F71A816E9A3EE00E77FE0 /* en */ = {isa = PBXFileReference; lastKnownFileType = text.plist.strings; name = en; path = en.lproj/InfoPlist.strings; sourceTree = "<group>"; };
		264F71AA16E9A3EE00E77FE0 /* main.m */ = {isa = PBXFileReference; lastKnownFileType = sourcecode.c.objc; path = main.m; sourceTree = "<group>"; };
		264F71AC16E9A3EE00E77FE0 /* tyresize-Prefix.pch */ = {isa = PBXFileReference; lastKnownFileType = sourcecode.c.h; path = "tyresize-Prefix.pch"; sourceTree = "<group>"; };
		264F71AD16E9A3EE00E77FE0 /* AppDelegate.h */ = {isa = PBXFileReference; lastKnownFileType = sourcecode.c.h; path = AppDelegate.h; sourceTree = "<group>"; };
		264F71AE16E9A3EE00E77FE0 /* AppDelegate.m */ = {isa = PBXFileReference; lastKnownFileType = sourcecode.c.objc; path = AppDelegate.m; sourceTree = "<group>"; };
		264F71B016E9A3EE00E77FE0 /* Default.png */ = {isa = PBXFileReference; lastKnownFileType = image.png; path = Default.png; sourceTree = "<group>"; };
		264F71B216E9A3EE00E77FE0 /* Default@2x.png */ = {isa = PBXFileReference; lastKnownFileType = image.png; path = "Default@2x.png"; sourceTree = "<group>"; };
		264F71B416E9A3EE00E77FE0 /* Default-568h@2x.png */ = {isa = PBXFileReference; lastKnownFileType = image.png; path = "Default-568h@2x.png"; sourceTree = "<group>"; };
		264F71B716E9A3EE00E77FE0 /* tyresize.xcdatamodel */ = {isa = PBXFileReference; lastKnownFileType = wrapper.xcdatamodel; path = tyresize.xcdatamodel; sourceTree = "<group>"; };
		264F71C216E9A48F00E77FE0 /* welcome.png */ = {isa = PBXFileReference; lastKnownFileType = image.png; path = welcome.png; sourceTree = "<group>"; };
		2666CB3817D0219700AA399E /* ScrollCellUIView.h */ = {isa = PBXFileReference; fileEncoding = 4; lastKnownFileType = sourcecode.c.h; name = ScrollCellUIView.h; path = tyresize/UILabel/ScrollCellUIView.h; sourceTree = SOURCE_ROOT; };
		2666CB3917D0219700AA399E /* ScrollCellUIView.m */ = {isa = PBXFileReference; fileEncoding = 4; lastKnownFileType = sourcecode.c.objc; name = ScrollCellUIView.m; path = tyresize/UILabel/ScrollCellUIView.m; sourceTree = SOURCE_ROOT; };
		2666CB3B17D021B400AA399E /* developer_icon@2x.png */ = {isa = PBXFileReference; lastKnownFileType = image.png; path = "developer_icon@2x.png"; sourceTree = "<group>"; };
		2666CB3C17D021B400AA399E /* mactive_avatar@2x.png */ = {isa = PBXFileReference; lastKnownFileType = image.png; path = "mactive_avatar@2x.png"; sourceTree = "<group>"; };
		2666CB3D17D021B400AA399E /* designer_icon@2x.png */ = {isa = PBXFileReference; lastKnownFileType = image.png; path = "designer_icon@2x.png"; sourceTree = "<group>"; };
		2666CB3E17D021B400AA399E /* leno_avatar@2x.png */ = {isa = PBXFileReference; lastKnownFileType = image.png; path = "leno_avatar@2x.png"; sourceTree = "<group>"; };
		2666CB3F17D021B400AA399E /* slider_5@2x.png */ = {isa = PBXFileReference; lastKnownFileType = image.png; path = "slider_5@2x.png"; sourceTree = "<group>"; };
		2666CB4017D021B400AA399E /* slider_4@2x.png */ = {isa = PBXFileReference; lastKnownFileType = image.png; path = "slider_4@2x.png"; sourceTree = "<group>"; };
		2666CB4117D021B400AA399E /* slider_3@2x.png */ = {isa = PBXFileReference; lastKnownFileType = image.png; path = "slider_3@2x.png"; sourceTree = "<group>"; };
		2666CB4217D021B400AA399E /* slider_2@2x.png */ = {isa = PBXFileReference; lastKnownFileType = image.png; path = "slider_2@2x.png"; sourceTree = "<group>"; };
		2666CB4317D021B400AA399E /* slider_1@2x.png */ = {isa = PBXFileReference; lastKnownFileType = image.png; path = "slider_1@2x.png"; sourceTree = "<group>"; };
		26C982C516E9AA1B00295FAE /* Icon.png */ = {isa = PBXFileReference; lastKnownFileType = image.png; name = Icon.png; path = tyresize/Icon.png; sourceTree = SOURCE_ROOT; };
		26C982C616E9AA1B00295FAE /* Icon@2x.png */ = {isa = PBXFileReference; lastKnownFileType = image.png; name = "Icon@2x.png"; path = "tyresize/Icon@2x.png"; sourceTree = SOURCE_ROOT; };
		26C982C916E9AA2300295FAE /* Icon.png */ = {isa = PBXFileReference; lastKnownFileType = image.png; path = Icon.png; sourceTree = "<group>"; };
		26C982CB16E9AA2700295FAE /* Icon@2x.png */ = {isa = PBXFileReference; lastKnownFileType = image.png; path = "Icon@2x.png"; sourceTree = "<group>"; };
		26C982CD16E9AA6C00295FAE /* MainViewController.h */ = {isa = PBXFileReference; fileEncoding = 4; lastKnownFileType = sourcecode.c.h; name = MainViewController.h; path = ViewController/MainViewController.h; sourceTree = "<group>"; };
		26C982CE16E9AA6C00295FAE /* MainViewController.m */ = {isa = PBXFileReference; fileEncoding = 4; lastKnownFileType = sourcecode.c.objc; name = MainViewController.m; path = ViewController/MainViewController.m; sourceTree = "<group>"; };
		26C982D216E9AEF100295FAE /* KBViewController.h */ = {isa = PBXFileReference; fileEncoding = 4; lastKnownFileType = sourcecode.c.h; name = KBViewController.h; path = ViewController/KBViewController.h; sourceTree = "<group>"; };
		26C982D316E9AEF100295FAE /* KBViewController.m */ = {isa = PBXFileReference; fileEncoding = 4; lastKnownFileType = sourcecode.c.objc; name = KBViewController.m; path = ViewController/KBViewController.m; sourceTree = "<group>"; };
		DC4EF291DF764C24B99282E8 /* Pods.xcconfig */ = {isa = PBXFileReference; includeInIndex = 1; lastKnownFileType = text.xcconfig; name = Pods.xcconfig; path = Pods/Pods.xcconfig; sourceTree = SOURCE_ROOT; };
/* End PBXFileReference section */

/* Begin PBXFrameworksBuildPhase section */
		264F719616E9A3EE00E77FE0 /* Frameworks */ = {
			isa = PBXFrameworksBuildPhase;
			buildActionMask = 2147483647;
			files = (
				042094A116F9EDBC0019C12E /* QuartzCore.framework in Frameworks */,
				264F719D16E9A3EE00E77FE0 /* UIKit.framework in Frameworks */,
				264F719F16E9A3EE00E77FE0 /* Foundation.framework in Frameworks */,
				264F71A116E9A3EE00E77FE0 /* CoreGraphics.framework in Frameworks */,
				264F71A316E9A3EE00E77FE0 /* CoreData.framework in Frameworks */,
				37520B2769C24344B1FBBE53 /* libPods.a in Frameworks */,
			);
			runOnlyForDeploymentPostprocessing = 0;
		};
/* End PBXFrameworksBuildPhase section */

/* Begin PBXGroup section */
		0418414017AC8CC800D27C2F /* Font */ = {
			isa = PBXGroup;
			children = (
				0418414117AC8CC800D27C2F /* Gotham-Black.otf */,
				0418414F17AC917300D27C2F /* Gotham-Light.otf */,
				0418414217AC8CC800D27C2F /* Gotham-Bold.otf */,
				0418414317AC8CC800D27C2F /* Gotham-Book.otf */,
				0418414417AC8CC800D27C2F /* Gotham-Medium.otf */,
				0418414517AC8CC800D27C2F /* Museo500-Regular.otf */,
			);
			path = Font;
			sourceTree = "<group>";
		};
		0418414B17AC8CD600D27C2F /* UILabel */ = {
			isa = PBXGroup;
			children = (
				049C738117BBCB2A0012B18D /* KBButton.h */,
				049C738217BBCB2A0012B18D /* KBButton.m */,
				04880E6417AE3C7E00FA3851 /* ColoredButton.h */,
				04880E6517AE3C7E00FA3851 /* ColoredButton.m */,
				263C503717D56B70006050BE /* AvatarButton.h */,
				263C503817D56B70006050BE /* AvatarButton.m */,
				0418414C17AC8D6600D27C2F /* GradientLabel.h */,
				0418414D17AC8D6600D27C2F /* GradientLabel.m */,
				0497016717AE300A0040995A /* GradientNormalLabel.h */,
				0497016817AE300A0040995A /* GradientNormalLabel.m */,
				04CE58C917C90BFF00C7221F /* MultilineLabel.h */,
				04CE58CA17C90BFF00C7221F /* MultilineLabel.m */,
				04EBBC0D17CA45CF00DE1148 /* MultilineView.h */,
				04EBBC0E17CA45CF00DE1148 /* MultilineView.m */,
				04880E6117AE389000FA3851 /* ColoredLabel.h */,
				04880E6217AE389000FA3851 /* ColoredLabel.m */,
				0497016417AE2FC20040995A /* OrangeLabel.h */,
				0497016517AE2FC20040995A /* OrangeLabel.m */,
				04880E5E17AE34E000FA3851 /* BlueLabel.h */,
				04880E5F17AE34E000FA3851 /* BlueLabel.m */,
				2666CB3817D0219700AA399E /* ScrollCellUIView.h */,
				2666CB3917D0219700AA399E /* ScrollCellUIView.m */,
			);
			path = UILabel;
			sourceTree = "<group>";
		};
		042094B616FA09340019C12E /* UIView */ = {
			isa = PBXGroup;
			children = (
				042094C016FA230E0019C12E /* TyreView.h */,
				042094C116FA230E0019C12E /* TyreView.m */,
				042094B716FA09340019C12E /* OperationView.h */,
				042094B816FA09340019C12E /* OperationView.m */,
				042094B916FA09340019C12E /* ParameterView.h */,
				042094BA16FA09340019C12E /* ParameterView.m */,
				042094BD16FA1B6D0019C12E /* HandleView.h */,
				042094BE16FA1B6D0019C12E /* HandleView.m */,
			);
			path = UIView;
			sourceTree = "<group>";
		};
		04CD4CFF16F22593008BD23A /* Model */ = {
			isa = PBXGroup;
			children = (
				264F71B616E9A3EE00E77FE0 /* tyresize.xcdatamodeld */,
			);
			name = Model;
			sourceTree = "<group>";
		};
		04CEECBE17AB4C5F00DCE91F /* Category */ = {
			isa = PBXGroup;
			children = (
				0497015617ADF3A70040995A /* SettingHelper.h */,
				0497015717ADF3A70040995A /* SettingHelper.m */,
				04CEECBF17AB4C5F00DCE91F /* UINavigationBar+CustomNav.h */,
				04CEECC017AB4C5F00DCE91F /* UINavigationBar+CustomNav.m */,
			);
			path = Category;
			sourceTree = "<group>";
		};
		04EF7C9517D2C1DA007F762E /* ThirdParty */ = {
			isa = PBXGroup;
			children = (
				04EF7C9617D2C1DA007F762E /* GCPagedScrollView */,
			);
			path = ThirdParty;
			sourceTree = "<group>";
		};
		04EF7C9617D2C1DA007F762E /* GCPagedScrollView */ = {
			isa = PBXGroup;
			children = (
				04EF7C9717D2C1DA007F762E /* GCPagedScrollView.h */,
				04EF7C9817D2C1DA007F762E /* GCPagedScrollView.m */,
			);
			path = GCPagedScrollView;
			sourceTree = "<group>";
		};
		264F719016E9A3EE00E77FE0 = {
			isa = PBXGroup;
			children = (
				26C982CB16E9AA2700295FAE /* Icon@2x.png */,
				26C982C916E9AA2300295FAE /* Icon.png */,
				264F71A416E9A3EE00E77FE0 /* tyresize */,
				264F719B16E9A3EE00E77FE0 /* Frameworks */,
				264F719A16E9A3EE00E77FE0 /* Products */,
				DC4EF291DF764C24B99282E8 /* Pods.xcconfig */,
			);
			sourceTree = "<group>";
		};
		264F719A16E9A3EE00E77FE0 /* Products */ = {
			isa = PBXGroup;
			children = (
				264F719916E9A3EE00E77FE0 /* tyresize.app */,
			);
			name = Products;
			sourceTree = "<group>";
		};
		264F719B16E9A3EE00E77FE0 /* Frameworks */ = {
			isa = PBXGroup;
			children = (
				042094A016F9EDBC0019C12E /* QuartzCore.framework */,
				264F719C16E9A3EE00E77FE0 /* UIKit.framework */,
				264F719E16E9A3EE00E77FE0 /* Foundation.framework */,
				264F71A016E9A3EE00E77FE0 /* CoreGraphics.framework */,
				264F71A216E9A3EE00E77FE0 /* CoreData.framework */,
				1CC5B0A105C840CA862CA764 /* libPods.a */,
			);
			name = Frameworks;
			sourceTree = "<group>";
		};
		264F71A416E9A3EE00E77FE0 /* tyresize */ = {
			isa = PBXGroup;
			children = (
				0427F61416F8C9A20001FF9D /* AppDefs.h */,
				046A2D1B16FF068A00DFAB86 /* PassValueDelegate.h */,
				043C8142170368CA00BF5AA3 /* LockNowTyreDelegate.h */,
				264F71AD16E9A3EE00E77FE0 /* AppDelegate.h */,
				264F71AE16E9A3EE00E77FE0 /* AppDelegate.m */,
				26C982CD16E9AA6C00295FAE /* MainViewController.h */,
				26C982CE16E9AA6C00295FAE /* MainViewController.m */,
				26C982D216E9AEF100295FAE /* KBViewController.h */,
				26C982D316E9AEF100295FAE /* KBViewController.m */,
				047973C6172D9EB10037CD8B /* OtherViewController.h */,
				047973C7172D9EB10037CD8B /* OtherViewController.m */,
				049585EC17B9362100031292 /* MCTabBarController.h */,
				049585ED17B9362100031292 /* MCTabBarController.m */,
				04EF7C9517D2C1DA007F762E /* ThirdParty */,
				04CEECBE17AB4C5F00DCE91F /* Category */,
				0418414B17AC8CD600D27C2F /* UILabel */,
				042094B616FA09340019C12E /* UIView */,
				04CD4CFF16F22593008BD23A /* Model */,
				264F71BE16E9A48F00E77FE0 /* Resource */,
				264F71A516E9A3EE00E77FE0 /* Supporting Files */,
			);
			path = tyresize;
			sourceTree = "<group>";
		};
		264F71A516E9A3EE00E77FE0 /* Supporting Files */ = {
			isa = PBXGroup;
			children = (
				264F71A616E9A3EE00E77FE0 /* tyresize-Info.plist */,
				264F71A716E9A3EE00E77FE0 /* InfoPlist.strings */,
				264F71AA16E9A3EE00E77FE0 /* main.m */,
				264F71AC16E9A3EE00E77FE0 /* tyresize-Prefix.pch */,
				264F71B016E9A3EE00E77FE0 /* Default.png */,
				264F71B216E9A3EE00E77FE0 /* Default@2x.png */,
				264F71B416E9A3EE00E77FE0 /* Default-568h@2x.png */,
			);
			name = "Supporting Files";
			sourceTree = "<group>";
		};
		264F71BE16E9A48F00E77FE0 /* Resource */ = {
			isa = PBXGroup;
			children = (
				26049F4C17D833CE00CDA26B /* counselor_icon@2x.png */,
				26049F4D17D833CE00CDA26B /* kuangwenjun_avatar@2x.png */,
				0418414017AC8CC800D27C2F /* Font */,
				048010AF17ABBAAC00D872E5 /* operView_bg@2x.png */,
				2666CB3B17D021B400AA399E /* developer_icon@2x.png */,
				2666CB3C17D021B400AA399E /* mactive_avatar@2x.png */,
				2666CB3D17D021B400AA399E /* designer_icon@2x.png */,
				2666CB3E17D021B400AA399E /* leno_avatar@2x.png */,
				2666CB3F17D021B400AA399E /* slider_5@2x.png */,
				2666CB4017D021B400AA399E /* slider_4@2x.png */,
				2666CB4117D021B400AA399E /* slider_3@2x.png */,
				2666CB4217D021B400AA399E /* slider_2@2x.png */,
				2666CB4317D021B400AA399E /* slider_1@2x.png */,
				04A75D0117B91BC100CB7EE6 /* Wiki_note@2x.png */,
				04A75D0217B91BC100CB7EE6 /* down_arraw@2x.png */,
				04A75D0317B91BC100CB7EE6 /* big_tyre@2x.png */,
				04A75D0417B91BC100CB7EE6 /* shadow_hover@2x.png */,
				04A75D0517B91BC100CB7EE6 /* wiki_btn_off@2x.png */,
				04A75D0617B91BC100CB7EE6 /* wiki_btn_on@2x.png */,
				04A75D0717B91BC100CB7EE6 /* wiki_detail_bg@2x.png */,
				0497015E17AE2C8B0040995A /* btnOn_bg@2x.png */,
				0497015F17AE2C8B0040995A /* btnView_bg@2x.png */,
				0497016017AE2C8B0040995A /* prmtView_bg@2x.png */,
				0497015A17AE20F50040995A /* lock_off@2x.png */,
				0497015B17AE20F50040995A /* lock_on@2x.png */,
				048010B117ABBE3900D872E5 /* handle_rb_bg@2x.png */,
				048010B217ABBE3900D872E5 /* handle_rm_bg@2x.png */,
				048010B317ABBE3900D872E5 /* handle_rt_bg@2x.png */,
				042A949F17ABAEE3003A60D4 /* add_left_off@2x.png */,
				046A655517ABAD0300DBCEF7 /* handle_lb_bg@2x.png */,
				046A655617ABAD0300DBCEF7 /* handle_lm_bg@2x.png */,
				046A655717ABAD0300DBCEF7 /* handle_lt_bg@2x.png */,
				046A655817ABAD0300DBCEF7 /* add_right_off@2x.png */,
				046A655A17ABAD0300DBCEF7 /* add_left_on@2x.png */,
				046A655B17ABAD0300DBCEF7 /* add_right_on@2x.png */,
				046A655C17ABAD0300DBCEF7 /* minus_right_off@2x.png */,
				046A655D17ABAD0300DBCEF7 /* minus_left_off@2x.png */,
				046A655E17ABAD0300DBCEF7 /* minus_left_on@2x.png */,
				046A655F17ABAD0300DBCEF7 /* minus_right_on@2x.png */,
				04CEECC517AB549300DCE91F /* tyreView_bg@2x.png */,
				04CEECC317AB4D9B00DCE91F /* navigationBar_bg@2x.png */,
				047973C9172DA3BA0037CD8B /* leonqin@2x.png */,
				047973CA172DA3BA0037CD8B /* mactive@2x.png */,
				0480E6631705E54300A12128 /* tyresize@2x.png */,
				042094A716F9F2DB0019C12E /* tyre_inner@2x.png */,
				042094A816F9F2DB0019C12E /* tyre_outer@2x.png */,
				26C982C516E9AA1B00295FAE /* Icon.png */,
				26C982C616E9AA1B00295FAE /* Icon@2x.png */,
				264F71C216E9A48F00E77FE0 /* welcome.png */,
			);
			path = Resource;
			sourceTree = "<group>";
		};
/* End PBXGroup section */

/* Begin PBXNativeTarget section */
		264F719816E9A3EE00E77FE0 /* tyresize */ = {
			isa = PBXNativeTarget;
			buildConfigurationList = 264F71BB16E9A3EE00E77FE0 /* Build configuration list for PBXNativeTarget "tyresize" */;
			buildPhases = (
				75FCB94493244F6C9D7CFC4F /* Check Pods Manifest.lock */,
				264F719516E9A3EE00E77FE0 /* Sources */,
				264F719616E9A3EE00E77FE0 /* Frameworks */,
				264F719716E9A3EE00E77FE0 /* Resources */,
				2429F089A1D44F1283700CE6 /* Copy Pods Resources */,
			);
			buildRules = (
			);
			dependencies = (
			);
			name = tyresize;
			productName = tyresize;
			productReference = 264F719916E9A3EE00E77FE0 /* tyresize.app */;
			productType = "com.apple.product-type.application";
		};
/* End PBXNativeTarget section */

/* Begin PBXProject section */
		264F719116E9A3EE00E77FE0 /* Project object */ = {
			isa = PBXProject;
			attributes = {
				LastUpgradeCheck = 0460;
				ORGANIZATIONNAME = thinktube;
			};
			buildConfigurationList = 264F719416E9A3EE00E77FE0 /* Build configuration list for PBXProject "tyresize" */;
			compatibilityVersion = "Xcode 3.2";
			developmentRegion = English;
			hasScannedForEncodings = 0;
			knownRegions = (
				en,
			);
			mainGroup = 264F719016E9A3EE00E77FE0;
			productRefGroup = 264F719A16E9A3EE00E77FE0 /* Products */;
			projectDirPath = "";
			projectRoot = "";
			targets = (
				264F719816E9A3EE00E77FE0 /* tyresize */,
			);
		};
/* End PBXProject section */

/* Begin PBXResourcesBuildPhase section */
		264F719716E9A3EE00E77FE0 /* Resources */ = {
			isa = PBXResourcesBuildPhase;
			buildActionMask = 2147483647;
			files = (
				264F71A916E9A3EE00E77FE0 /* InfoPlist.strings in Resources */,
				264F71B116E9A3EE00E77FE0 /* Default.png in Resources */,
				264F71B316E9A3EE00E77FE0 /* Default@2x.png in Resources */,
				264F71B516E9A3EE00E77FE0 /* Default-568h@2x.png in Resources */,
				264F71C616E9A48F00E77FE0 /* welcome.png in Resources */,
				26C982C716E9AA1B00295FAE /* Icon.png in Resources */,
				26C982C816E9AA1B00295FAE /* Icon@2x.png in Resources */,
				26C982CA16E9AA2300295FAE /* Icon.png in Resources */,
				26C982CC16E9AA2700295FAE /* Icon@2x.png in Resources */,
				042094AE16F9F2DB0019C12E /* tyre_inner@2x.png in Resources */,
				042094AF16F9F2DB0019C12E /* tyre_outer@2x.png in Resources */,
				0480E6641705E54300A12128 /* tyresize@2x.png in Resources */,
				047973CB172DA3BA0037CD8B /* leonqin@2x.png in Resources */,
				047973CC172DA3BA0037CD8B /* mactive@2x.png in Resources */,
				04CEECC417AB4D9B00DCE91F /* navigationBar_bg@2x.png in Resources */,
				04CEECC617AB549300DCE91F /* tyreView_bg@2x.png in Resources */,
				046A656417ABAD0300DBCEF7 /* handle_lb_bg@2x.png in Resources */,
				046A656517ABAD0300DBCEF7 /* handle_lm_bg@2x.png in Resources */,
				046A656617ABAD0300DBCEF7 /* handle_lt_bg@2x.png in Resources */,
				046A656717ABAD0300DBCEF7 /* add_right_off@2x.png in Resources */,
				046A656917ABAD0300DBCEF7 /* add_left_on@2x.png in Resources */,
				046A656A17ABAD0300DBCEF7 /* add_right_on@2x.png in Resources */,
				046A656B17ABAD0300DBCEF7 /* minus_right_off@2x.png in Resources */,
				046A656C17ABAD0300DBCEF7 /* minus_left_off@2x.png in Resources */,
				046A656D17ABAD0300DBCEF7 /* minus_left_on@2x.png in Resources */,
				046A656E17ABAD0300DBCEF7 /* minus_right_on@2x.png in Resources */,
				042A94A017ABAEE3003A60D4 /* add_left_off@2x.png in Resources */,
				048010B017ABBAAC00D872E5 /* operView_bg@2x.png in Resources */,
				048010B417ABBE3900D872E5 /* handle_rb_bg@2x.png in Resources */,
				048010B517ABBE3900D872E5 /* handle_rm_bg@2x.png in Resources */,
				048010B617ABBE3900D872E5 /* handle_rt_bg@2x.png in Resources */,
				0418414617AC8CC800D27C2F /* Gotham-Black.otf in Resources */,
				0418414717AC8CC800D27C2F /* Gotham-Bold.otf in Resources */,
				0418414817AC8CC800D27C2F /* Gotham-Book.otf in Resources */,
				0418414917AC8CC800D27C2F /* Gotham-Medium.otf in Resources */,
				0418414A17AC8CC800D27C2F /* Museo500-Regular.otf in Resources */,
				0418415017AC917300D27C2F /* Gotham-Light.otf in Resources */,
				0497015C17AE20F50040995A /* lock_off@2x.png in Resources */,
				0497015D17AE20F50040995A /* lock_on@2x.png in Resources */,
				0497016117AE2C8B0040995A /* btnOn_bg@2x.png in Resources */,
				0497016217AE2C8B0040995A /* btnView_bg@2x.png in Resources */,
				0497016317AE2C8B0040995A /* prmtView_bg@2x.png in Resources */,
				04A75D0817B91BC100CB7EE6 /* Wiki_note@2x.png in Resources */,
				04A75D0917B91BC100CB7EE6 /* down_arraw@2x.png in Resources */,
				04A75D0A17B91BC100CB7EE6 /* big_tyre@2x.png in Resources */,
				04A75D0B17B91BC100CB7EE6 /* shadow_hover@2x.png in Resources */,
				04A75D0C17B91BC100CB7EE6 /* wiki_btn_off@2x.png in Resources */,
				04A75D0D17B91BC100CB7EE6 /* wiki_btn_on@2x.png in Resources */,
				04A75D0E17B91BC100CB7EE6 /* wiki_detail_bg@2x.png in Resources */,
				2666CB4417D021B400AA399E /* developer_icon@2x.png in Resources */,
				2666CB4517D021B400AA399E /* mactive_avatar@2x.png in Resources */,
				2666CB4617D021B400AA399E /* designer_icon@2x.png in Resources */,
				2666CB4717D021B400AA399E /* leno_avatar@2x.png in Resources */,
				2666CB4817D021B400AA399E /* slider_5@2x.png in Resources */,
				2666CB4917D021B400AA399E /* slider_4@2x.png in Resources */,
				2666CB4A17D021B400AA399E /* slider_3@2x.png in Resources */,
				2666CB4B17D021B400AA399E /* slider_2@2x.png in Resources */,
				2666CB4C17D021B400AA399E /* slider_1@2x.png in Resources */,
				26049F4E17D833CE00CDA26B /* counselor_icon@2x.png in Resources */,
				26049F4F17D833CE00CDA26B /* kuangwenjun_avatar@2x.png in Resources */,
			);
			runOnlyForDeploymentPostprocessing = 0;
		};
/* End PBXResourcesBuildPhase section */

/* Begin PBXShellScriptBuildPhase section */
		2429F089A1D44F1283700CE6 /* Copy Pods Resources */ = {
			isa = PBXShellScriptBuildPhase;
			buildActionMask = 2147483647;
			files = (
			);
			inputPaths = (
			);
			name = "Copy Pods Resources";
			outputPaths = (
			);
			runOnlyForDeploymentPostprocessing = 0;
			shellPath = /bin/sh;
			shellScript = "\"${SRCROOT}/Pods/Pods-resources.sh\"\n";
			showEnvVarsInLog = 0;
		};
		75FCB94493244F6C9D7CFC4F /* Check Pods Manifest.lock */ = {
			isa = PBXShellScriptBuildPhase;
			buildActionMask = 2147483647;
			files = (
			);
			inputPaths = (
			);
			name = "Check Pods Manifest.lock";
			outputPaths = (
			);
			runOnlyForDeploymentPostprocessing = 0;
			shellPath = /bin/sh;
			shellScript = "diff \"${PODS_ROOT}/../Podfile.lock\" \"${PODS_ROOT}/Manifest.lock\" > /dev/null\nif [[ $? != 0 ]] ; then\n    cat << EOM\nerror: The sandbox is not in sync with the Podfile.lock. Run 'pod install' or update your CocoaPods installation.\nEOM\n    exit 1\nfi\n";
			showEnvVarsInLog = 0;
		};
/* End PBXShellScriptBuildPhase section */

/* Begin PBXSourcesBuildPhase section */
		264F719516E9A3EE00E77FE0 /* Sources */ = {
			isa = PBXSourcesBuildPhase;
			buildActionMask = 2147483647;
			files = (
				264F71AB16E9A3EE00E77FE0 /* main.m in Sources */,
				264F71AF16E9A3EE00E77FE0 /* AppDelegate.m in Sources */,
				264F71B816E9A3EE00E77FE0 /* tyresize.xcdatamodeld in Sources */,
				26C982CF16E9AA6C00295FAE /* MainViewController.m in Sources */,
				26C982D416E9AEF100295FAE /* KBViewController.m in Sources */,
				042094BB16FA09340019C12E /* OperationView.m in Sources */,
				042094BC16FA09340019C12E /* ParameterView.m in Sources */,
				042094BF16FA1B6D0019C12E /* HandleView.m in Sources */,
				042094C216FA230E0019C12E /* TyreView.m in Sources */,
				047973C8172D9EB10037CD8B /* OtherViewController.m in Sources */,
				04CEECC117AB4C5F00DCE91F /* UINavigationBar+CustomNav.m in Sources */,
				0418414E17AC8D6600D27C2F /* GradientLabel.m in Sources */,
				0497015817ADF3A70040995A /* SettingHelper.m in Sources */,
				0497016617AE2FC20040995A /* OrangeLabel.m in Sources */,
				0497016917AE300A0040995A /* GradientNormalLabel.m in Sources */,
				04880E6017AE34E000FA3851 /* BlueLabel.m in Sources */,
				04880E6317AE389000FA3851 /* ColoredLabel.m in Sources */,
				04880E6617AE3C7E00FA3851 /* ColoredButton.m in Sources */,
				049585EE17B9362100031292 /* MCTabBarController.m in Sources */,
				049C738317BBCB2A0012B18D /* KBButton.m in Sources */,
				04CE58CB17C90BFF00C7221F /* MultilineLabel.m in Sources */,
				04EBBC0F17CA45CF00DE1148 /* MultilineView.m in Sources */,
				2666CB3A17D0219700AA399E /* ScrollCellUIView.m in Sources */,
				04EF7CA017D2C1DA007F762E /* GCPagedScrollView.m in Sources */,
				263C503917D56B70006050BE /* AvatarButton.m in Sources */,
			);
			runOnlyForDeploymentPostprocessing = 0;
		};
/* End PBXSourcesBuildPhase section */

/* Begin PBXVariantGroup section */
		264F71A716E9A3EE00E77FE0 /* InfoPlist.strings */ = {
			isa = PBXVariantGroup;
			children = (
				264F71A816E9A3EE00E77FE0 /* en */,
			);
			name = InfoPlist.strings;
			sourceTree = "<group>";
		};
/* End PBXVariantGroup section */

/* Begin XCBuildConfiguration section */
		264F71B916E9A3EE00E77FE0 /* Debug */ = {
			isa = XCBuildConfiguration;
			buildSettings = {
				ALWAYS_SEARCH_USER_PATHS = NO;
				CLANG_CXX_LANGUAGE_STANDARD = "gnu++0x";
				CLANG_CXX_LIBRARY = "libc++";
				CLANG_ENABLE_OBJC_ARC = YES;
				CLANG_WARN_CONSTANT_CONVERSION = YES;
				CLANG_WARN_EMPTY_BODY = YES;
				CLANG_WARN_ENUM_CONVERSION = YES;
				CLANG_WARN_INT_CONVERSION = YES;
				CLANG_WARN__DUPLICATE_METHOD_MATCH = YES;
				CODE_SIGN_IDENTITY = "iPhone Developer: qian meng (6359682965)";
				"CODE_SIGN_IDENTITY[sdk=iphoneos*]" = "iPhone Developer: qian meng (6359682965)";
				COPY_PHASE_STRIP = NO;
				GCC_C_LANGUAGE_STANDARD = gnu99;
				GCC_DYNAMIC_NO_PIC = NO;
				GCC_OPTIMIZATION_LEVEL = 0;
				GCC_PREPROCESSOR_DEFINITIONS = (
					"DEBUG=1",
					"$(inherited)",
				);
				GCC_SYMBOLS_PRIVATE_EXTERN = NO;
				GCC_WARN_ABOUT_RETURN_TYPE = YES;
				GCC_WARN_UNINITIALIZED_AUTOS = YES;
				GCC_WARN_UNUSED_VARIABLE = YES;
				IPHONEOS_DEPLOYMENT_TARGET = 5.1;
				ONLY_ACTIVE_ARCH = YES;
				PROVISIONING_PROFILE = "BE86241C-E86B-4BB3-9B69-8DF52453F5ED";
				"PROVISIONING_PROFILE[sdk=iphoneos*]" = "BE86241C-E86B-4BB3-9B69-8DF52453F5ED";
				SDKROOT = iphoneos;
			};
			name = Debug;
		};
		264F71BA16E9A3EE00E77FE0 /* Release */ = {
			isa = XCBuildConfiguration;
			buildSettings = {
				ALWAYS_SEARCH_USER_PATHS = NO;
				CLANG_CXX_LANGUAGE_STANDARD = "gnu++0x";
				CLANG_CXX_LIBRARY = "libc++";
				CLANG_ENABLE_OBJC_ARC = YES;
				CLANG_WARN_CONSTANT_CONVERSION = YES;
				CLANG_WARN_EMPTY_BODY = YES;
				CLANG_WARN_ENUM_CONVERSION = YES;
				CLANG_WARN_INT_CONVERSION = YES;
				CLANG_WARN__DUPLICATE_METHOD_MATCH = YES;
				CODE_SIGN_IDENTITY = "iPhone Developer: qian meng (6359682965)";
				"CODE_SIGN_IDENTITY[sdk=iphoneos*]" = "iPhone Developer: qian meng (6359682965)";
				COPY_PHASE_STRIP = YES;
				GCC_C_LANGUAGE_STANDARD = gnu99;
				GCC_WARN_ABOUT_RETURN_TYPE = YES;
				GCC_WARN_UNINITIALIZED_AUTOS = YES;
				GCC_WARN_UNUSED_VARIABLE = YES;
				IPHONEOS_DEPLOYMENT_TARGET = 5.1;
				OTHER_CFLAGS = "-DNS_BLOCK_ASSERTIONS=1";
				PROVISIONING_PROFILE = "BE86241C-E86B-4BB3-9B69-8DF52453F5ED";
				"PROVISIONING_PROFILE[sdk=iphoneos*]" = "BE86241C-E86B-4BB3-9B69-8DF52453F5ED";
				SDKROOT = iphoneos;
				VALIDATE_PRODUCT = YES;
			};
			name = Release;
		};
		264F71BC16E9A3EE00E77FE0 /* Debug */ = {
			isa = XCBuildConfiguration;
			baseConfigurationReference = DC4EF291DF764C24B99282E8 /* Pods.xcconfig */;
			buildSettings = {
				CODE_SIGN_IDENTITY = "iPhone Developer: qian meng (6359682965)";
				"CODE_SIGN_IDENTITY[sdk=iphoneos*]" = "iPhone Developer: qian meng (6359682965)";
				FRAMEWORK_SEARCH_PATHS = (
					"$(inherited)",
					"\"$(SRCROOT)\"",
				);
				GCC_PRECOMPILE_PREFIX_HEADER = YES;
				GCC_PREFIX_HEADER = "tyresize/tyresize-Prefix.pch";
				INFOPLIST_FILE = "tyresize/tyresize-Info.plist";
				IPHONEOS_DEPLOYMENT_TARGET = 6.1;
				PRODUCT_NAME = "$(TARGET_NAME)";
				PROVISIONING_PROFILE = "78B7BF57-ED44-4745-94AE-25FBC324F612";
				"PROVISIONING_PROFILE[sdk=iphoneos*]" = "78B7BF57-ED44-4745-94AE-25FBC324F612";
				TARGETED_DEVICE_FAMILY = 1;
				WRAPPER_EXTENSION = app;
			};
			name = Debug;
		};
		264F71BD16E9A3EE00E77FE0 /* Release */ = {
			isa = XCBuildConfiguration;
			baseConfigurationReference = DC4EF291DF764C24B99282E8 /* Pods.xcconfig */;
			buildSettings = {
				CODE_SIGN_IDENTITY = "iPhone Developer: qian meng (6359682965)";
				"CODE_SIGN_IDENTITY[sdk=iphoneos*]" = "iPhone Developer: qian meng (6359682965)";
				FRAMEWORK_SEARCH_PATHS = (
					"$(inherited)",
					"\"$(SRCROOT)\"",
				);
				GCC_PRECOMPILE_PREFIX_HEADER = YES;
				GCC_PREFIX_HEADER = "tyresize/tyresize-Prefix.pch";
				INFOPLIST_FILE = "tyresize/tyresize-Info.plist";
				IPHONEOS_DEPLOYMENT_TARGET = 6.1;
				PRODUCT_NAME = "$(TARGET_NAME)";
				PROVISIONING_PROFILE = "78B7BF57-ED44-4745-94AE-25FBC324F612";
				"PROVISIONING_PROFILE[sdk=iphoneos*]" = "78B7BF57-ED44-4745-94AE-25FBC324F612";
				TARGETED_DEVICE_FAMILY = 1;
				WRAPPER_EXTENSION = app;
			};
			name = Release;
		};
/* End XCBuildConfiguration section */

/* Begin XCConfigurationList section */
		264F719416E9A3EE00E77FE0 /* Build configuration list for PBXProject "tyresize" */ = {
			isa = XCConfigurationList;
			buildConfigurations = (
				264F71B916E9A3EE00E77FE0 /* Debug */,
				264F71BA16E9A3EE00E77FE0 /* Release */,
			);
			defaultConfigurationIsVisible = 0;
			defaultConfigurationName = Release;
		};
		264F71BB16E9A3EE00E77FE0 /* Build configuration list for PBXNativeTarget "tyresize" */ = {
			isa = XCConfigurationList;
			buildConfigurations = (
				264F71BC16E9A3EE00E77FE0 /* Debug */,
				264F71BD16E9A3EE00E77FE0 /* Release */,
			);
			defaultConfigurationIsVisible = 0;
			defaultConfigurationName = Release;
		};
/* End XCConfigurationList section */

/* Begin XCVersionGroup section */
		264F71B616E9A3EE00E77FE0 /* tyresize.xcdatamodeld */ = {
			isa = XCVersionGroup;
			children = (
				264F71B716E9A3EE00E77FE0 /* tyresize.xcdatamodel */,
			);
			currentVersion = 264F71B716E9A3EE00E77FE0 /* tyresize.xcdatamodel */;
			path = tyresize.xcdatamodeld;
			sourceTree = "<group>";
			versionGroupType = wrapper.xcdatamodel;
		};
/* End XCVersionGroup section */
	};
	rootObject = 264F719116E9A3EE00E77FE0 /* Project object */;
}
