<?xml version="1.0" encoding="UTF-8"?>
<!DOCTYPE plist PUBLIC "-//Apple//DTD PLIST 1.0//EN" "http://www.apple.com/DTDs/PropertyList-1.0.dtd">
<plist version="1.0">
<dict>
	<key>archiveVersion</key>
	<string>1</string>
	<key>classes</key>
	<dict/>
	<key>objectVersion</key>
	<string>46</string>
	<key>objects</key>
	<dict>
		<key>042094A016F9EDBC0019C12E</key>
		<dict>
			<key>isa</key>
			<string>PBXFileReference</string>
			<key>lastKnownFileType</key>
			<string>wrapper.framework</string>
			<key>name</key>
			<string>QuartzCore.framework</string>
			<key>path</key>
			<string>System/Library/Frameworks/QuartzCore.framework</string>
			<key>sourceTree</key>
			<string>SDKROOT</string>
		</dict>
		<key>042094A116F9EDBC0019C12E</key>
		<dict>
			<key>fileRef</key>
			<string>042094A016F9EDBC0019C12E</string>
			<key>isa</key>
			<string>PBXBuildFile</string>
		</dict>
		<key>042094A216F9F2DA0019C12E</key>
		<dict>
			<key>isa</key>
			<string>PBXFileReference</string>
			<key>lastKnownFileType</key>
			<string>image.png</string>
			<key>path</key>
			<string>add_button@2x.png</string>
			<key>sourceTree</key>
			<string>&lt;group&gt;</string>
		</dict>
		<key>042094A316F9F2DB0019C12E</key>
		<dict>
			<key>isa</key>
			<string>PBXFileReference</string>
			<key>lastKnownFileType</key>
			<string>image.png</string>
			<key>path</key>
			<string>bottom_bg@2x.png</string>
			<key>sourceTree</key>
			<string>&lt;group&gt;</string>
		</dict>
		<key>042094A516F9F2DB0019C12E</key>
		<dict>
			<key>isa</key>
			<string>PBXFileReference</string>
			<key>lastKnownFileType</key>
			<string>image.png</string>
			<key>path</key>
			<string>sub_button@2x.png</string>
			<key>sourceTree</key>
			<string>&lt;group&gt;</string>
		</dict>
		<key>042094A616F9F2DB0019C12E</key>
		<dict>
			<key>isa</key>
			<string>PBXFileReference</string>
			<key>lastKnownFileType</key>
			<string>image.png</string>
			<key>path</key>
			<string>tiny_up@2x.png</string>
			<key>sourceTree</key>
			<string>&lt;group&gt;</string>
		</dict>
		<key>042094A716F9F2DB0019C12E</key>
		<dict>
			<key>isa</key>
			<string>PBXFileReference</string>
			<key>lastKnownFileType</key>
			<string>image.png</string>
			<key>path</key>
			<string>tyre_inner@2x.png</string>
			<key>sourceTree</key>
			<string>&lt;group&gt;</string>
		</dict>
		<key>042094A816F9F2DB0019C12E</key>
		<dict>
			<key>isa</key>
			<string>PBXFileReference</string>
			<key>lastKnownFileType</key>
			<string>image.png</string>
			<key>path</key>
			<string>tyre_outer@2x.png</string>
			<key>sourceTree</key>
			<string>&lt;group&gt;</string>
		</dict>
		<key>042094A916F9F2DB0019C12E</key>
		<dict>
			<key>fileRef</key>
			<string>042094A216F9F2DA0019C12E</string>
			<key>isa</key>
			<string>PBXBuildFile</string>
		</dict>
		<key>042094AA16F9F2DB0019C12E</key>
		<dict>
			<key>fileRef</key>
			<string>042094A316F9F2DB0019C12E</string>
			<key>isa</key>
			<string>PBXBuildFile</string>
		</dict>
		<key>042094AC16F9F2DB0019C12E</key>
		<dict>
			<key>fileRef</key>
			<string>042094A516F9F2DB0019C12E</string>
			<key>isa</key>
			<string>PBXBuildFile</string>
		</dict>
		<key>042094AD16F9F2DB0019C12E</key>
		<dict>
			<key>fileRef</key>
			<string>042094A616F9F2DB0019C12E</string>
			<key>isa</key>
			<string>PBXBuildFile</string>
		</dict>
		<key>042094AE16F9F2DB0019C12E</key>
		<dict>
			<key>fileRef</key>
			<string>042094A716F9F2DB0019C12E</string>
			<key>isa</key>
			<string>PBXBuildFile</string>
		</dict>
		<key>042094AF16F9F2DB0019C12E</key>
		<dict>
			<key>fileRef</key>
			<string>042094A816F9F2DB0019C12E</string>
			<key>isa</key>
			<string>PBXBuildFile</string>
		</dict>
		<key>042094B616FA09340019C12E</key>
		<dict>
			<key>children</key>
			<array>
				<string>042094C016FA230E0019C12E</string>
				<string>042094C116FA230E0019C12E</string>
				<string>042094B716FA09340019C12E</string>
				<string>042094B816FA09340019C12E</string>
				<string>042094B916FA09340019C12E</string>
				<string>042094BA16FA09340019C12E</string>
				<string>042094BD16FA1B6D0019C12E</string>
				<string>042094BE16FA1B6D0019C12E</string>
			</array>
			<key>isa</key>
			<string>PBXGroup</string>
			<key>path</key>
			<string>UIView</string>
			<key>sourceTree</key>
			<string>&lt;group&gt;</string>
		</dict>
		<key>042094B716FA09340019C12E</key>
		<dict>
			<key>fileEncoding</key>
			<string>4</string>
			<key>isa</key>
			<string>PBXFileReference</string>
			<key>lastKnownFileType</key>
			<string>sourcecode.c.h</string>
			<key>path</key>
			<string>OperationView.h</string>
			<key>sourceTree</key>
			<string>&lt;group&gt;</string>
		</dict>
		<key>042094B816FA09340019C12E</key>
		<dict>
			<key>fileEncoding</key>
			<string>4</string>
			<key>isa</key>
			<string>PBXFileReference</string>
			<key>lastKnownFileType</key>
			<string>sourcecode.c.objc</string>
			<key>path</key>
			<string>OperationView.m</string>
			<key>sourceTree</key>
			<string>&lt;group&gt;</string>
		</dict>
		<key>042094B916FA09340019C12E</key>
		<dict>
			<key>fileEncoding</key>
			<string>4</string>
			<key>isa</key>
			<string>PBXFileReference</string>
			<key>lastKnownFileType</key>
			<string>sourcecode.c.h</string>
			<key>path</key>
			<string>ParameterView.h</string>
			<key>sourceTree</key>
			<string>&lt;group&gt;</string>
		</dict>
		<key>042094BA16FA09340019C12E</key>
		<dict>
			<key>fileEncoding</key>
			<string>4</string>
			<key>isa</key>
			<string>PBXFileReference</string>
			<key>lastKnownFileType</key>
			<string>sourcecode.c.objc</string>
			<key>path</key>
			<string>ParameterView.m</string>
			<key>sourceTree</key>
			<string>&lt;group&gt;</string>
		</dict>
		<key>042094BB16FA09340019C12E</key>
		<dict>
			<key>fileRef</key>
			<string>042094B816FA09340019C12E</string>
			<key>isa</key>
			<string>PBXBuildFile</string>
		</dict>
		<key>042094BC16FA09340019C12E</key>
		<dict>
			<key>fileRef</key>
			<string>042094BA16FA09340019C12E</string>
			<key>isa</key>
			<string>PBXBuildFile</string>
		</dict>
		<key>042094BD16FA1B6D0019C12E</key>
		<dict>
			<key>fileEncoding</key>
			<string>4</string>
			<key>isa</key>
			<string>PBXFileReference</string>
			<key>lastKnownFileType</key>
			<string>sourcecode.c.h</string>
			<key>path</key>
			<string>HandleView.h</string>
			<key>sourceTree</key>
			<string>&lt;group&gt;</string>
		</dict>
		<key>042094BE16FA1B6D0019C12E</key>
		<dict>
			<key>fileEncoding</key>
			<string>4</string>
			<key>isa</key>
			<string>PBXFileReference</string>
			<key>lastKnownFileType</key>
			<string>sourcecode.c.objc</string>
			<key>path</key>
			<string>HandleView.m</string>
			<key>sourceTree</key>
			<string>&lt;group&gt;</string>
		</dict>
		<key>042094BF16FA1B6D0019C12E</key>
		<dict>
			<key>fileRef</key>
			<string>042094BE16FA1B6D0019C12E</string>
			<key>isa</key>
			<string>PBXBuildFile</string>
		</dict>
		<key>042094C016FA230E0019C12E</key>
		<dict>
			<key>fileEncoding</key>
			<string>4</string>
			<key>isa</key>
			<string>PBXFileReference</string>
			<key>lastKnownFileType</key>
			<string>sourcecode.c.h</string>
			<key>path</key>
			<string>TyreView.h</string>
			<key>sourceTree</key>
			<string>&lt;group&gt;</string>
		</dict>
		<key>042094C116FA230E0019C12E</key>
		<dict>
			<key>fileEncoding</key>
			<string>4</string>
			<key>isa</key>
			<string>PBXFileReference</string>
			<key>lastKnownFileType</key>
			<string>sourcecode.c.objc</string>
			<key>path</key>
			<string>TyreView.m</string>
			<key>sourceTree</key>
			<string>&lt;group&gt;</string>
		</dict>
		<key>042094C216FA230E0019C12E</key>
		<dict>
			<key>fileRef</key>
			<string>042094C116FA230E0019C12E</string>
			<key>isa</key>
			<string>PBXBuildFile</string>
		</dict>
		<key>0427F61416F8C9A20001FF9D</key>
		<dict>
			<key>isa</key>
			<string>PBXFileReference</string>
			<key>lastKnownFileType</key>
			<string>sourcecode.c.h</string>
			<key>path</key>
			<string>AppDefs.h</string>
			<key>sourceTree</key>
			<string>&lt;group&gt;</string>
		</dict>
		<key>0427F61816F8D43B0001FF9D</key>
		<dict>
			<key>isa</key>
			<string>PBXFileReference</string>
			<key>lastKnownFileType</key>
			<string>file</string>
			<key>path</key>
			<string>Museo500-Regular.otf</string>
			<key>sourceTree</key>
			<string>&lt;group&gt;</string>
		</dict>
		<key>0427F61916F8D43B0001FF9D</key>
		<dict>
			<key>fileRef</key>
			<string>0427F61816F8D43B0001FF9D</string>
			<key>isa</key>
			<string>PBXBuildFile</string>
		</dict>
		<key>043C8142170368CA00BF5AA3</key>
		<dict>
			<key>isa</key>
			<string>PBXFileReference</string>
			<key>lastKnownFileType</key>
			<string>sourcecode.c.h</string>
			<key>path</key>
			<string>LockNowTyreDelegate.h</string>
			<key>sourceTree</key>
			<string>&lt;group&gt;</string>
		</dict>
		<key>046A2D1B16FF068A00DFAB86</key>
		<dict>
			<key>isa</key>
			<string>PBXFileReference</string>
			<key>lastKnownFileType</key>
			<string>sourcecode.c.h</string>
			<key>path</key>
			<string>PassValueDelegate.h</string>
			<key>sourceTree</key>
			<string>&lt;group&gt;</string>
		</dict>
		<key>047973C6172D9EB10037CD8B</key>
		<dict>
			<key>fileEncoding</key>
			<string>4</string>
			<key>isa</key>
			<string>PBXFileReference</string>
			<key>lastKnownFileType</key>
			<string>sourcecode.c.h</string>
			<key>name</key>
			<string>OtherViewController.h</string>
			<key>path</key>
			<string>ViewController/OtherViewController.h</string>
			<key>sourceTree</key>
			<string>&lt;group&gt;</string>
		</dict>
		<key>047973C7172D9EB10037CD8B</key>
		<dict>
			<key>fileEncoding</key>
			<string>4</string>
			<key>isa</key>
			<string>PBXFileReference</string>
			<key>lastKnownFileType</key>
			<string>sourcecode.c.objc</string>
			<key>name</key>
			<string>OtherViewController.m</string>
			<key>path</key>
			<string>ViewController/OtherViewController.m</string>
			<key>sourceTree</key>
			<string>&lt;group&gt;</string>
		</dict>
		<key>047973C8172D9EB10037CD8B</key>
		<dict>
			<key>fileRef</key>
			<string>047973C7172D9EB10037CD8B</string>
			<key>isa</key>
			<string>PBXBuildFile</string>
		</dict>
		<key>047973C9172DA3BA0037CD8B</key>
		<dict>
			<key>isa</key>
			<string>PBXFileReference</string>
			<key>lastKnownFileType</key>
			<string>image.png</string>
			<key>path</key>
			<string>leonqin@2x.png</string>
			<key>sourceTree</key>
			<string>&lt;group&gt;</string>
		</dict>
		<key>047973CA172DA3BA0037CD8B</key>
		<dict>
			<key>isa</key>
			<string>PBXFileReference</string>
			<key>lastKnownFileType</key>
			<string>image.png</string>
			<key>path</key>
			<string>mactive@2x.png</string>
			<key>sourceTree</key>
			<string>&lt;group&gt;</string>
		</dict>
		<key>047973CB172DA3BA0037CD8B</key>
		<dict>
			<key>fileRef</key>
			<string>047973C9172DA3BA0037CD8B</string>
			<key>isa</key>
			<string>PBXBuildFile</string>
		</dict>
		<key>047973CC172DA3BA0037CD8B</key>
		<dict>
			<key>fileRef</key>
			<string>047973CA172DA3BA0037CD8B</string>
			<key>isa</key>
			<string>PBXBuildFile</string>
		</dict>
		<key>0480E6611705DDC100A12128</key>
		<dict>
			<key>isa</key>
			<string>PBXFileReference</string>
			<key>lastKnownFileType</key>
			<string>image.png</string>
			<key>path</key>
			<string>back_button_bg@2x.png</string>
			<key>sourceTree</key>
			<string>&lt;group&gt;</string>
		</dict>
		<key>0480E6621705DDC100A12128</key>
		<dict>
			<key>fileRef</key>
			<string>0480E6611705DDC100A12128</string>
			<key>isa</key>
			<string>PBXBuildFile</string>
		</dict>
		<key>0480E6631705E54300A12128</key>
		<dict>
			<key>isa</key>
			<string>PBXFileReference</string>
			<key>lastKnownFileType</key>
			<string>image.png</string>
			<key>path</key>
			<string>tyresize@2x.png</string>
			<key>sourceTree</key>
			<string>&lt;group&gt;</string>
		</dict>
		<key>0480E6641705E54300A12128</key>
		<dict>
			<key>fileRef</key>
			<string>0480E6631705E54300A12128</string>
			<key>isa</key>
			<string>PBXBuildFile</string>
		</dict>
		<key>0480E6651705E7CD00A12128</key>
		<dict>
			<key>isa</key>
			<string>PBXFileReference</string>
			<key>lastKnownFileType</key>
			<string>image.png</string>
			<key>path</key>
			<string>green_line@2x.png</string>
			<key>sourceTree</key>
			<string>&lt;group&gt;</string>
		</dict>
		<key>0480E6661705E7CD00A12128</key>
		<dict>
			<key>fileRef</key>
			<string>0480E6651705E7CD00A12128</string>
			<key>isa</key>
			<string>PBXBuildFile</string>
		</dict>
		<key>04CD4CFF16F22593008BD23A</key>
		<dict>
			<key>children</key>
			<array>
				<string>264F71B616E9A3EE00E77FE0</string>
			</array>
			<key>isa</key>
			<string>PBXGroup</string>
			<key>name</key>
			<string>Model</string>
			<key>sourceTree</key>
			<string>&lt;group&gt;</string>
		</dict>
		<key>04CEECBE17AB4C5F00DCE91F</key>
		<dict>
			<key>children</key>
			<array>
				<string>04CEECBF17AB4C5F00DCE91F</string>
				<string>04CEECC017AB4C5F00DCE91F</string>
			</array>
			<key>isa</key>
			<string>PBXGroup</string>
			<key>path</key>
			<string>Category</string>
			<key>sourceTree</key>
			<string>&lt;group&gt;</string>
		</dict>
		<key>04CEECBF17AB4C5F00DCE91F</key>
		<dict>
			<key>fileEncoding</key>
			<string>4</string>
			<key>isa</key>
			<string>PBXFileReference</string>
			<key>lastKnownFileType</key>
			<string>sourcecode.c.h</string>
			<key>path</key>
			<string>UINavigationBar+CustomNav.h</string>
			<key>sourceTree</key>
			<string>&lt;group&gt;</string>
		</dict>
		<key>04CEECC017AB4C5F00DCE91F</key>
		<dict>
			<key>fileEncoding</key>
			<string>4</string>
			<key>isa</key>
			<string>PBXFileReference</string>
			<key>lastKnownFileType</key>
			<string>sourcecode.c.objc</string>
			<key>path</key>
			<string>UINavigationBar+CustomNav.m</string>
			<key>sourceTree</key>
			<string>&lt;group&gt;</string>
		</dict>
		<key>04CEECC117AB4C5F00DCE91F</key>
		<dict>
			<key>fileRef</key>
			<string>04CEECC017AB4C5F00DCE91F</string>
			<key>isa</key>
			<string>PBXBuildFile</string>
		</dict>
		<key>04CEECC317AB4D9B00DCE91F</key>
		<dict>
			<key>isa</key>
			<string>PBXFileReference</string>
			<key>lastKnownFileType</key>
			<string>image.png</string>
			<key>path</key>
			<string>navigationBar_bg@2x.png</string>
			<key>sourceTree</key>
			<string>&lt;group&gt;</string>
		</dict>
		<key>04CEECC417AB4D9B00DCE91F</key>
		<dict>
			<key>fileRef</key>
			<string>04CEECC317AB4D9B00DCE91F</string>
			<key>isa</key>
			<string>PBXBuildFile</string>
		</dict>
		<key>04CEECC517AB549300DCE91F</key>
		<dict>
			<key>isa</key>
			<string>PBXFileReference</string>
			<key>lastKnownFileType</key>
			<string>image.png</string>
			<key>path</key>
			<string>tyreView_bg@2x.png</string>
			<key>sourceTree</key>
			<string>&lt;group&gt;</string>
		</dict>
		<key>04CEECC617AB549300DCE91F</key>
		<dict>
			<key>fileRef</key>
			<string>04CEECC517AB549300DCE91F</string>
			<key>isa</key>
			<string>PBXBuildFile</string>
		</dict>
		<key>04E89BDC16FED37100E7CB1F</key>
		<dict>
			<key>isa</key>
			<string>PBXFileReference</string>
			<key>lastKnownFileType</key>
			<string>image.png</string>
			<key>path</key>
			<string>lock_status@2x.png</string>
			<key>sourceTree</key>
			<string>&lt;group&gt;</string>
		</dict>
		<key>04E89BDD16FED37100E7CB1F</key>
		<dict>
			<key>isa</key>
			<string>PBXFileReference</string>
			<key>lastKnownFileType</key>
			<string>image.png</string>
			<key>path</key>
			<string>lock_btn@2x.png</string>
			<key>sourceTree</key>
			<string>&lt;group&gt;</string>
		</dict>
		<key>04E89BDE16FED37100E7CB1F</key>
		<dict>
			<key>fileRef</key>
			<string>04E89BDC16FED37100E7CB1F</string>
			<key>isa</key>
			<string>PBXBuildFile</string>
		</dict>
		<key>04E89BDF16FED37100E7CB1F</key>
		<dict>
			<key>fileRef</key>
			<string>04E89BDD16FED37100E7CB1F</string>
			<key>isa</key>
			<string>PBXBuildFile</string>
		</dict>
		<key>1CC5B0A105C840CA862CA764</key>
		<dict>
			<key>explicitFileType</key>
			<string>archive.ar</string>
			<key>includeInIndex</key>
			<string>0</string>
			<key>isa</key>
			<string>PBXFileReference</string>
			<key>path</key>
			<string>libPods.a</string>
			<key>sourceTree</key>
			<string>BUILT_PRODUCTS_DIR</string>
		</dict>
		<key>2429F089A1D44F1283700CE6</key>
		<dict>
			<key>buildActionMask</key>
			<string>2147483647</string>
			<key>files</key>
			<array/>
			<key>inputPaths</key>
			<array/>
			<key>isa</key>
			<string>PBXShellScriptBuildPhase</string>
			<key>name</key>
			<string>Copy Pods Resources</string>
			<key>outputPaths</key>
			<array/>
			<key>runOnlyForDeploymentPostprocessing</key>
			<string>0</string>
			<key>shellPath</key>
			<string>/bin/sh</string>
			<key>shellScript</key>
			<string>"${SRCROOT}/Pods/Pods-resources.sh"
</string>
			<key>showEnvVarsInLog</key>
			<string>0</string>
		</dict>
		<key>264F719016E9A3EE00E77FE0</key>
		<dict>
			<key>children</key>
			<array>
				<string>26C982CB16E9AA2700295FAE</string>
				<string>26C982C916E9AA2300295FAE</string>
				<string>264F71A416E9A3EE00E77FE0</string>
				<string>264F719B16E9A3EE00E77FE0</string>
				<string>264F719A16E9A3EE00E77FE0</string>
				<string>DC4EF291DF764C24B99282E8</string>
			</array>
			<key>isa</key>
			<string>PBXGroup</string>
			<key>sourceTree</key>
			<string>&lt;group&gt;</string>
		</dict>
		<key>264F719116E9A3EE00E77FE0</key>
		<dict>
			<key>attributes</key>
			<dict>
				<key>LastUpgradeCheck</key>
				<string>0460</string>
				<key>ORGANIZATIONNAME</key>
				<string>thinktube</string>
			</dict>
			<key>buildConfigurationList</key>
			<string>264F719416E9A3EE00E77FE0</string>
			<key>compatibilityVersion</key>
			<string>Xcode 3.2</string>
			<key>developmentRegion</key>
			<string>English</string>
			<key>hasScannedForEncodings</key>
			<string>0</string>
			<key>isa</key>
			<string>PBXProject</string>
			<key>knownRegions</key>
			<array>
				<string>en</string>
			</array>
			<key>mainGroup</key>
			<string>264F719016E9A3EE00E77FE0</string>
			<key>productRefGroup</key>
			<string>264F719A16E9A3EE00E77FE0</string>
			<key>projectDirPath</key>
			<string></string>
			<key>projectReferences</key>
			<array/>
			<key>projectRoot</key>
			<string></string>
			<key>targets</key>
			<array>
				<string>264F719816E9A3EE00E77FE0</string>
			</array>
		</dict>
		<key>264F719416E9A3EE00E77FE0</key>
		<dict>
			<key>buildConfigurations</key>
			<array>
				<string>264F71B916E9A3EE00E77FE0</string>
				<string>264F71BA16E9A3EE00E77FE0</string>
			</array>
			<key>defaultConfigurationIsVisible</key>
			<string>0</string>
			<key>defaultConfigurationName</key>
			<string>Release</string>
			<key>isa</key>
			<string>XCConfigurationList</string>
		</dict>
		<key>264F719516E9A3EE00E77FE0</key>
		<dict>
			<key>buildActionMask</key>
			<string>2147483647</string>
			<key>files</key>
			<array>
				<string>264F71AB16E9A3EE00E77FE0</string>
				<string>264F71AF16E9A3EE00E77FE0</string>
				<string>264F71B816E9A3EE00E77FE0</string>
				<string>26C982CF16E9AA6C00295FAE</string>
				<string>26C982D416E9AEF100295FAE</string>
				<string>042094BB16FA09340019C12E</string>
				<string>042094BC16FA09340019C12E</string>
				<string>042094BF16FA1B6D0019C12E</string>
				<string>042094C216FA230E0019C12E</string>
				<string>047973C8172D9EB10037CD8B</string>
				<string>04CEECC117AB4C5F00DCE91F</string>
			</array>
			<key>isa</key>
			<string>PBXSourcesBuildPhase</string>
			<key>runOnlyForDeploymentPostprocessing</key>
			<string>0</string>
		</dict>
		<key>264F719616E9A3EE00E77FE0</key>
		<dict>
			<key>buildActionMask</key>
			<string>2147483647</string>
			<key>files</key>
			<array>
				<string>042094A116F9EDBC0019C12E</string>
				<string>264F719D16E9A3EE00E77FE0</string>
				<string>264F719F16E9A3EE00E77FE0</string>
				<string>264F71A116E9A3EE00E77FE0</string>
				<string>264F71A316E9A3EE00E77FE0</string>
				<string>37520B2769C24344B1FBBE53</string>
			</array>
			<key>isa</key>
			<string>PBXFrameworksBuildPhase</string>
			<key>runOnlyForDeploymentPostprocessing</key>
			<string>0</string>
		</dict>
		<key>264F719716E9A3EE00E77FE0</key>
		<dict>
			<key>buildActionMask</key>
			<string>2147483647</string>
			<key>files</key>
			<array>
				<string>264F71A916E9A3EE00E77FE0</string>
				<string>264F71B116E9A3EE00E77FE0</string>
				<string>264F71B316E9A3EE00E77FE0</string>
				<string>264F71B516E9A3EE00E77FE0</string>
				<string>264F71C416E9A48F00E77FE0</string>
				<string>264F71C516E9A48F00E77FE0</string>
				<string>264F71C616E9A48F00E77FE0</string>
				<string>26C982C716E9AA1B00295FAE</string>
				<string>26C982C816E9AA1B00295FAE</string>
				<string>26C982CA16E9AA2300295FAE</string>
				<string>26C982CC16E9AA2700295FAE</string>
				<string>0427F61916F8D43B0001FF9D</string>
				<string>042094A916F9F2DB0019C12E</string>
				<string>042094AA16F9F2DB0019C12E</string>
				<string>042094AC16F9F2DB0019C12E</string>
				<string>042094AD16F9F2DB0019C12E</string>
				<string>042094AE16F9F2DB0019C12E</string>
				<string>042094AF16F9F2DB0019C12E</string>
				<string>04E89BDE16FED37100E7CB1F</string>
				<string>04E89BDF16FED37100E7CB1F</string>
				<string>0480E6621705DDC100A12128</string>
				<string>0480E6641705E54300A12128</string>
				<string>0480E6661705E7CD00A12128</string>
				<string>047973CB172DA3BA0037CD8B</string>
				<string>047973CC172DA3BA0037CD8B</string>
				<string>04CEECC417AB4D9B00DCE91F</string>
				<string>04CEECC617AB549300DCE91F</string>
			</array>
			<key>isa</key>
			<string>PBXResourcesBuildPhase</string>
			<key>runOnlyForDeploymentPostprocessing</key>
			<string>0</string>
		</dict>
		<key>264F719816E9A3EE00E77FE0</key>
		<dict>
			<key>buildConfigurationList</key>
			<string>264F71BB16E9A3EE00E77FE0</string>
			<key>buildPhases</key>
			<array>
				<string>75FCB94493244F6C9D7CFC4F</string>
				<string>264F719516E9A3EE00E77FE0</string>
				<string>264F719616E9A3EE00E77FE0</string>
				<string>264F719716E9A3EE00E77FE0</string>
				<string>2429F089A1D44F1283700CE6</string>
			</array>
			<key>buildRules</key>
			<array/>
			<key>dependencies</key>
			<array/>
			<key>isa</key>
			<string>PBXNativeTarget</string>
			<key>name</key>
			<string>tyresize</string>
			<key>productName</key>
			<string>tyresize</string>
			<key>productReference</key>
			<string>264F719916E9A3EE00E77FE0</string>
			<key>productType</key>
			<string>com.apple.product-type.application</string>
		</dict>
		<key>264F719916E9A3EE00E77FE0</key>
		<dict>
			<key>explicitFileType</key>
			<string>wrapper.application</string>
			<key>includeInIndex</key>
			<string>0</string>
			<key>isa</key>
			<string>PBXFileReference</string>
			<key>path</key>
			<string>tyresize.app</string>
			<key>sourceTree</key>
			<string>BUILT_PRODUCTS_DIR</string>
		</dict>
		<key>264F719A16E9A3EE00E77FE0</key>
		<dict>
			<key>children</key>
			<array>
				<string>264F719916E9A3EE00E77FE0</string>
			</array>
			<key>isa</key>
			<string>PBXGroup</string>
			<key>name</key>
			<string>Products</string>
			<key>sourceTree</key>
			<string>&lt;group&gt;</string>
		</dict>
		<key>264F719B16E9A3EE00E77FE0</key>
		<dict>
			<key>children</key>
			<array>
				<string>042094A016F9EDBC0019C12E</string>
				<string>264F719C16E9A3EE00E77FE0</string>
				<string>264F719E16E9A3EE00E77FE0</string>
				<string>264F71A016E9A3EE00E77FE0</string>
				<string>264F71A216E9A3EE00E77FE0</string>
				<string>1CC5B0A105C840CA862CA764</string>
			</array>
			<key>isa</key>
			<string>PBXGroup</string>
			<key>name</key>
			<string>Frameworks</string>
			<key>sourceTree</key>
			<string>&lt;group&gt;</string>
		</dict>
		<key>264F719C16E9A3EE00E77FE0</key>
		<dict>
			<key>isa</key>
			<string>PBXFileReference</string>
			<key>lastKnownFileType</key>
			<string>wrapper.framework</string>
			<key>name</key>
			<string>UIKit.framework</string>
			<key>path</key>
			<string>System/Library/Frameworks/UIKit.framework</string>
			<key>sourceTree</key>
			<string>SDKROOT</string>
		</dict>
		<key>264F719D16E9A3EE00E77FE0</key>
		<dict>
			<key>fileRef</key>
			<string>264F719C16E9A3EE00E77FE0</string>
			<key>isa</key>
			<string>PBXBuildFile</string>
		</dict>
		<key>264F719E16E9A3EE00E77FE0</key>
		<dict>
			<key>isa</key>
			<string>PBXFileReference</string>
			<key>lastKnownFileType</key>
			<string>wrapper.framework</string>
			<key>name</key>
			<string>Foundation.framework</string>
			<key>path</key>
			<string>System/Library/Frameworks/Foundation.framework</string>
			<key>sourceTree</key>
			<string>SDKROOT</string>
		</dict>
		<key>264F719F16E9A3EE00E77FE0</key>
		<dict>
			<key>fileRef</key>
			<string>264F719E16E9A3EE00E77FE0</string>
			<key>isa</key>
			<string>PBXBuildFile</string>
		</dict>
		<key>264F71A016E9A3EE00E77FE0</key>
		<dict>
			<key>isa</key>
			<string>PBXFileReference</string>
			<key>lastKnownFileType</key>
			<string>wrapper.framework</string>
			<key>name</key>
			<string>CoreGraphics.framework</string>
			<key>path</key>
			<string>System/Library/Frameworks/CoreGraphics.framework</string>
			<key>sourceTree</key>
			<string>SDKROOT</string>
		</dict>
		<key>264F71A116E9A3EE00E77FE0</key>
		<dict>
			<key>fileRef</key>
			<string>264F71A016E9A3EE00E77FE0</string>
			<key>isa</key>
			<string>PBXBuildFile</string>
		</dict>
		<key>264F71A216E9A3EE00E77FE0</key>
		<dict>
			<key>isa</key>
			<string>PBXFileReference</string>
			<key>lastKnownFileType</key>
			<string>wrapper.framework</string>
			<key>name</key>
			<string>CoreData.framework</string>
			<key>path</key>
			<string>System/Library/Frameworks/CoreData.framework</string>
			<key>sourceTree</key>
			<string>SDKROOT</string>
		</dict>
		<key>264F71A316E9A3EE00E77FE0</key>
		<dict>
			<key>fileRef</key>
			<string>264F71A216E9A3EE00E77FE0</string>
			<key>isa</key>
			<string>PBXBuildFile</string>
		</dict>
		<key>264F71A416E9A3EE00E77FE0</key>
		<dict>
			<key>children</key>
			<array>
				<string>0427F61416F8C9A20001FF9D</string>
				<string>046A2D1B16FF068A00DFAB86</string>
				<string>043C8142170368CA00BF5AA3</string>
				<string>264F71AD16E9A3EE00E77FE0</string>
				<string>264F71AE16E9A3EE00E77FE0</string>
				<string>26C982CD16E9AA6C00295FAE</string>
				<string>26C982CE16E9AA6C00295FAE</string>
				<string>26C982D216E9AEF100295FAE</string>
				<string>26C982D316E9AEF100295FAE</string>
				<string>047973C6172D9EB10037CD8B</string>
				<string>047973C7172D9EB10037CD8B</string>
				<string>04CEECBE17AB4C5F00DCE91F</string>
				<string>042094B616FA09340019C12E</string>
				<string>04CD4CFF16F22593008BD23A</string>
				<string>264F71BE16E9A48F00E77FE0</string>
				<string>264F71A516E9A3EE00E77FE0</string>
			</array>
			<key>isa</key>
			<string>PBXGroup</string>
			<key>path</key>
			<string>tyresize</string>
			<key>sourceTree</key>
			<string>&lt;group&gt;</string>
		</dict>
		<key>264F71A516E9A3EE00E77FE0</key>
		<dict>
			<key>children</key>
			<array>
				<string>264F71A616E9A3EE00E77FE0</string>
				<string>264F71A716E9A3EE00E77FE0</string>
				<string>264F71AA16E9A3EE00E77FE0</string>
				<string>264F71AC16E9A3EE00E77FE0</string>
				<string>264F71B016E9A3EE00E77FE0</string>
				<string>264F71B216E9A3EE00E77FE0</string>
				<string>264F71B416E9A3EE00E77FE0</string>
			</array>
			<key>isa</key>
			<string>PBXGroup</string>
			<key>name</key>
			<string>Supporting Files</string>
			<key>sourceTree</key>
			<string>&lt;group&gt;</string>
		</dict>
		<key>264F71A616E9A3EE00E77FE0</key>
		<dict>
			<key>isa</key>
			<string>PBXFileReference</string>
			<key>lastKnownFileType</key>
			<string>text.plist.xml</string>
			<key>path</key>
			<string>tyresize-Info.plist</string>
			<key>sourceTree</key>
			<string>&lt;group&gt;</string>
		</dict>
		<key>264F71A716E9A3EE00E77FE0</key>
		<dict>
			<key>children</key>
			<array>
				<string>264F71A816E9A3EE00E77FE0</string>
			</array>
			<key>isa</key>
			<string>PBXVariantGroup</string>
			<key>name</key>
			<string>InfoPlist.strings</string>
			<key>sourceTree</key>
			<string>&lt;group&gt;</string>
		</dict>
		<key>264F71A816E9A3EE00E77FE0</key>
		<dict>
			<key>isa</key>
			<string>PBXFileReference</string>
			<key>lastKnownFileType</key>
			<string>text.plist.strings</string>
			<key>name</key>
			<string>en</string>
			<key>path</key>
			<string>en.lproj/InfoPlist.strings</string>
			<key>sourceTree</key>
			<string>&lt;group&gt;</string>
		</dict>
		<key>264F71A916E9A3EE00E77FE0</key>
		<dict>
			<key>fileRef</key>
			<string>264F71A716E9A3EE00E77FE0</string>
			<key>isa</key>
			<string>PBXBuildFile</string>
		</dict>
		<key>264F71AA16E9A3EE00E77FE0</key>
		<dict>
			<key>isa</key>
			<string>PBXFileReference</string>
			<key>lastKnownFileType</key>
			<string>sourcecode.c.objc</string>
			<key>path</key>
			<string>main.m</string>
			<key>sourceTree</key>
			<string>&lt;group&gt;</string>
		</dict>
		<key>264F71AB16E9A3EE00E77FE0</key>
		<dict>
			<key>fileRef</key>
			<string>264F71AA16E9A3EE00E77FE0</string>
			<key>isa</key>
			<string>PBXBuildFile</string>
		</dict>
		<key>264F71AC16E9A3EE00E77FE0</key>
		<dict>
			<key>isa</key>
			<string>PBXFileReference</string>
			<key>lastKnownFileType</key>
			<string>sourcecode.c.h</string>
			<key>path</key>
			<string>tyresize-Prefix.pch</string>
			<key>sourceTree</key>
			<string>&lt;group&gt;</string>
		</dict>
		<key>264F71AD16E9A3EE00E77FE0</key>
		<dict>
			<key>isa</key>
			<string>PBXFileReference</string>
			<key>lastKnownFileType</key>
			<string>sourcecode.c.h</string>
			<key>path</key>
			<string>AppDelegate.h</string>
			<key>sourceTree</key>
			<string>&lt;group&gt;</string>
		</dict>
		<key>264F71AE16E9A3EE00E77FE0</key>
		<dict>
			<key>isa</key>
			<string>PBXFileReference</string>
			<key>lastKnownFileType</key>
			<string>sourcecode.c.objc</string>
			<key>path</key>
			<string>AppDelegate.m</string>
			<key>sourceTree</key>
			<string>&lt;group&gt;</string>
		</dict>
		<key>264F71AF16E9A3EE00E77FE0</key>
		<dict>
			<key>fileRef</key>
			<string>264F71AE16E9A3EE00E77FE0</string>
			<key>isa</key>
			<string>PBXBuildFile</string>
		</dict>
		<key>264F71B016E9A3EE00E77FE0</key>
		<dict>
			<key>isa</key>
			<string>PBXFileReference</string>
			<key>lastKnownFileType</key>
			<string>image.png</string>
			<key>path</key>
			<string>Default.png</string>
			<key>sourceTree</key>
			<string>&lt;group&gt;</string>
		</dict>
		<key>264F71B116E9A3EE00E77FE0</key>
		<dict>
			<key>fileRef</key>
			<string>264F71B016E9A3EE00E77FE0</string>
			<key>isa</key>
			<string>PBXBuildFile</string>
		</dict>
		<key>264F71B216E9A3EE00E77FE0</key>
		<dict>
			<key>isa</key>
			<string>PBXFileReference</string>
			<key>lastKnownFileType</key>
			<string>image.png</string>
			<key>path</key>
			<string>Default@2x.png</string>
			<key>sourceTree</key>
			<string>&lt;group&gt;</string>
		</dict>
		<key>264F71B316E9A3EE00E77FE0</key>
		<dict>
			<key>fileRef</key>
			<string>264F71B216E9A3EE00E77FE0</string>
			<key>isa</key>
			<string>PBXBuildFile</string>
		</dict>
		<key>264F71B416E9A3EE00E77FE0</key>
		<dict>
			<key>isa</key>
			<string>PBXFileReference</string>
			<key>lastKnownFileType</key>
			<string>image.png</string>
			<key>path</key>
			<string>Default-568h@2x.png</string>
			<key>sourceTree</key>
			<string>&lt;group&gt;</string>
		</dict>
		<key>264F71B516E9A3EE00E77FE0</key>
		<dict>
			<key>fileRef</key>
			<string>264F71B416E9A3EE00E77FE0</string>
			<key>isa</key>
			<string>PBXBuildFile</string>
		</dict>
		<key>264F71B616E9A3EE00E77FE0</key>
		<dict>
			<key>children</key>
			<array>
				<string>264F71B716E9A3EE00E77FE0</string>
			</array>
			<key>currentVersion</key>
			<string>264F71B716E9A3EE00E77FE0</string>
			<key>isa</key>
			<string>XCVersionGroup</string>
			<key>path</key>
			<string>tyresize.xcdatamodeld</string>
			<key>sourceTree</key>
			<string>&lt;group&gt;</string>
			<key>versionGroupType</key>
			<string>wrapper.xcdatamodel</string>
		</dict>
		<key>264F71B716E9A3EE00E77FE0</key>
		<dict>
			<key>isa</key>
			<string>PBXFileReference</string>
			<key>lastKnownFileType</key>
			<string>wrapper.xcdatamodel</string>
			<key>path</key>
			<string>tyresize.xcdatamodel</string>
			<key>sourceTree</key>
			<string>&lt;group&gt;</string>
		</dict>
		<key>264F71B816E9A3EE00E77FE0</key>
		<dict>
			<key>fileRef</key>
			<string>264F71B616E9A3EE00E77FE0</string>
			<key>isa</key>
			<string>PBXBuildFile</string>
		</dict>
		<key>264F71B916E9A3EE00E77FE0</key>
		<dict>
			<key>buildSettings</key>
			<dict>
				<key>ALWAYS_SEARCH_USER_PATHS</key>
				<string>NO</string>
				<key>CLANG_CXX_LANGUAGE_STANDARD</key>
				<string>gnu++0x</string>
				<key>CLANG_CXX_LIBRARY</key>
				<string>libc++</string>
				<key>CLANG_ENABLE_OBJC_ARC</key>
				<string>YES</string>
				<key>CLANG_WARN_CONSTANT_CONVERSION</key>
				<string>YES</string>
				<key>CLANG_WARN_EMPTY_BODY</key>
				<string>YES</string>
				<key>CLANG_WARN_ENUM_CONVERSION</key>
				<string>YES</string>
				<key>CLANG_WARN_INT_CONVERSION</key>
				<string>YES</string>
				<key>CLANG_WARN__DUPLICATE_METHOD_MATCH</key>
				<string>YES</string>
				<key>CODE_SIGN_IDENTITY</key>
				<string>iPhone Developer: qian meng (6359682965)</string>
				<key>CODE_SIGN_IDENTITY[sdk=iphoneos*]</key>
				<string>iPhone Developer: qian meng (6359682965)</string>
				<key>COPY_PHASE_STRIP</key>
				<string>NO</string>
				<key>GCC_C_LANGUAGE_STANDARD</key>
				<string>gnu99</string>
				<key>GCC_DYNAMIC_NO_PIC</key>
				<string>NO</string>
				<key>GCC_OPTIMIZATION_LEVEL</key>
				<string>0</string>
				<key>GCC_PREPROCESSOR_DEFINITIONS</key>
				<array>
					<string>DEBUG=1</string>
					<string>$(inherited)</string>
				</array>
				<key>GCC_SYMBOLS_PRIVATE_EXTERN</key>
				<string>NO</string>
				<key>GCC_WARN_ABOUT_RETURN_TYPE</key>
				<string>YES</string>
				<key>GCC_WARN_UNINITIALIZED_AUTOS</key>
				<string>YES</string>
				<key>GCC_WARN_UNUSED_VARIABLE</key>
				<string>YES</string>
				<key>IPHONEOS_DEPLOYMENT_TARGET</key>
				<string>5.1</string>
				<key>ONLY_ACTIVE_ARCH</key>
				<string>YES</string>
				<key>PROVISIONING_PROFILE</key>
				<string>BE86241C-E86B-4BB3-9B69-8DF52453F5ED</string>
				<key>PROVISIONING_PROFILE[sdk=iphoneos*]</key>
				<string>BE86241C-E86B-4BB3-9B69-8DF52453F5ED</string>
				<key>SDKROOT</key>
				<string>iphoneos</string>
			</dict>
			<key>isa</key>
			<string>XCBuildConfiguration</string>
			<key>name</key>
			<string>Debug</string>
		</dict>
		<key>264F71BA16E9A3EE00E77FE0</key>
		<dict>
			<key>buildSettings</key>
			<dict>
				<key>ALWAYS_SEARCH_USER_PATHS</key>
				<string>NO</string>
				<key>CLANG_CXX_LANGUAGE_STANDARD</key>
				<string>gnu++0x</string>
				<key>CLANG_CXX_LIBRARY</key>
				<string>libc++</string>
				<key>CLANG_ENABLE_OBJC_ARC</key>
				<string>YES</string>
				<key>CLANG_WARN_CONSTANT_CONVERSION</key>
				<string>YES</string>
				<key>CLANG_WARN_EMPTY_BODY</key>
				<string>YES</string>
				<key>CLANG_WARN_ENUM_CONVERSION</key>
				<string>YES</string>
				<key>CLANG_WARN_INT_CONVERSION</key>
				<string>YES</string>
				<key>CLANG_WARN__DUPLICATE_METHOD_MATCH</key>
				<string>YES</string>
				<key>CODE_SIGN_IDENTITY</key>
				<string>iPhone Developer: qian meng (6359682965)</string>
				<key>CODE_SIGN_IDENTITY[sdk=iphoneos*]</key>
				<string>iPhone Developer: qian meng (6359682965)</string>
				<key>COPY_PHASE_STRIP</key>
				<string>YES</string>
				<key>GCC_C_LANGUAGE_STANDARD</key>
				<string>gnu99</string>
				<key>GCC_WARN_ABOUT_RETURN_TYPE</key>
				<string>YES</string>
				<key>GCC_WARN_UNINITIALIZED_AUTOS</key>
				<string>YES</string>
				<key>GCC_WARN_UNUSED_VARIABLE</key>
				<string>YES</string>
				<key>IPHONEOS_DEPLOYMENT_TARGET</key>
				<string>5.1</string>
				<key>OTHER_CFLAGS</key>
				<string>-DNS_BLOCK_ASSERTIONS=1</string>
				<key>PROVISIONING_PROFILE</key>
				<string>BE86241C-E86B-4BB3-9B69-8DF52453F5ED</string>
				<key>PROVISIONING_PROFILE[sdk=iphoneos*]</key>
				<string>BE86241C-E86B-4BB3-9B69-8DF52453F5ED</string>
				<key>SDKROOT</key>
				<string>iphoneos</string>
				<key>VALIDATE_PRODUCT</key>
				<string>YES</string>
			</dict>
			<key>isa</key>
			<string>XCBuildConfiguration</string>
			<key>name</key>
			<string>Release</string>
		</dict>
		<key>264F71BB16E9A3EE00E77FE0</key>
		<dict>
			<key>buildConfigurations</key>
			<array>
				<string>264F71BC16E9A3EE00E77FE0</string>
				<string>264F71BD16E9A3EE00E77FE0</string>
			</array>
			<key>defaultConfigurationIsVisible</key>
			<string>0</string>
			<key>defaultConfigurationName</key>
			<string>Release</string>
			<key>isa</key>
			<string>XCConfigurationList</string>
		</dict>
		<key>264F71BC16E9A3EE00E77FE0</key>
		<dict>
			<key>baseConfigurationReference</key>
			<string>DC4EF291DF764C24B99282E8</string>
			<key>buildSettings</key>
			<dict>
				<key>CODE_SIGN_IDENTITY</key>
				<string>iPhone Developer: qian meng (6359682965)</string>
				<key>CODE_SIGN_IDENTITY[sdk=iphoneos*]</key>
				<string>iPhone Developer: qian meng (6359682965)</string>
				<key>FRAMEWORK_SEARCH_PATHS</key>
				<array>
					<string>$(inherited)</string>
					<string>"$(SRCROOT)"</string>
				</array>
				<key>GCC_PRECOMPILE_PREFIX_HEADER</key>
				<string>YES</string>
				<key>GCC_PREFIX_HEADER</key>
				<string>tyresize/tyresize-Prefix.pch</string>
				<key>INFOPLIST_FILE</key>
				<string>tyresize/tyresize-Info.plist</string>
				<key>IPHONEOS_DEPLOYMENT_TARGET</key>
				<string>6.1</string>
				<key>PRODUCT_NAME</key>
				<string>$(TARGET_NAME)</string>
				<key>PROVISIONING_PROFILE</key>
				<string>78B7BF57-ED44-4745-94AE-25FBC324F612</string>
				<key>PROVISIONING_PROFILE[sdk=iphoneos*]</key>
				<string>78B7BF57-ED44-4745-94AE-25FBC324F612</string>
				<key>TARGETED_DEVICE_FAMILY</key>
				<string>1</string>
				<key>WRAPPER_EXTENSION</key>
				<string>app</string>
			</dict>
			<key>isa</key>
			<string>XCBuildConfiguration</string>
			<key>name</key>
			<string>Debug</string>
		</dict>
		<key>264F71BD16E9A3EE00E77FE0</key>
		<dict>
			<key>baseConfigurationReference</key>
			<string>DC4EF291DF764C24B99282E8</string>
			<key>buildSettings</key>
			<dict>
				<key>CODE_SIGN_IDENTITY</key>
				<string>iPhone Developer: qian meng (6359682965)</string>
				<key>CODE_SIGN_IDENTITY[sdk=iphoneos*]</key>
				<string>iPhone Developer: qian meng (6359682965)</string>
				<key>FRAMEWORK_SEARCH_PATHS</key>
				<array>
					<string>$(inherited)</string>
					<string>"$(SRCROOT)"</string>
				</array>
				<key>GCC_PRECOMPILE_PREFIX_HEADER</key>
				<string>YES</string>
				<key>GCC_PREFIX_HEADER</key>
				<string>tyresize/tyresize-Prefix.pch</string>
				<key>INFOPLIST_FILE</key>
				<string>tyresize/tyresize-Info.plist</string>
				<key>IPHONEOS_DEPLOYMENT_TARGET</key>
				<string>6.1</string>
				<key>PRODUCT_NAME</key>
				<string>$(TARGET_NAME)</string>
				<key>PROVISIONING_PROFILE</key>
				<string>78B7BF57-ED44-4745-94AE-25FBC324F612</string>
				<key>PROVISIONING_PROFILE[sdk=iphoneos*]</key>
				<string>78B7BF57-ED44-4745-94AE-25FBC324F612</string>
				<key>TARGETED_DEVICE_FAMILY</key>
				<string>1</string>
				<key>WRAPPER_EXTENSION</key>
				<string>app</string>
			</dict>
			<key>isa</key>
			<string>XCBuildConfiguration</string>
			<key>name</key>
			<string>Release</string>
		</dict>
		<key>264F71BE16E9A48F00E77FE0</key>
		<dict>
			<key>children</key>
			<array>
				<string>04CEECC517AB549300DCE91F</string>
				<string>0480E6611705DDC100A12128</string>
				<string>04CEECC317AB4D9B00DCE91F</string>
				<string>047973C9172DA3BA0037CD8B</string>
				<string>047973CA172DA3BA0037CD8B</string>
				<string>0480E6651705E7CD00A12128</string>
				<string>0480E6631705E54300A12128</string>
				<string>04E89BDC16FED37100E7CB1F</string>
				<string>04E89BDD16FED37100E7CB1F</string>
				<string>042094A216F9F2DA0019C12E</string>
				<string>042094A316F9F2DB0019C12E</string>
				<string>042094A516F9F2DB0019C12E</string>
				<string>042094A616F9F2DB0019C12E</string>
				<string>042094A716F9F2DB0019C12E</string>
				<string>042094A816F9F2DB0019C12E</string>
				<string>0427F61816F8D43B0001FF9D</string>
				<string>26C982C516E9AA1B00295FAE</string>
				<string>26C982C616E9AA1B00295FAE</string>
				<string>264F71C016E9A48F00E77FE0</string>
				<string>264F71C116E9A48F00E77FE0</string>
				<string>264F71C216E9A48F00E77FE0</string>
			</array>
			<key>isa</key>
			<string>PBXGroup</string>
			<key>path</key>
			<string>Resource</string>
			<key>sourceTree</key>
			<string>&lt;group&gt;</string>
		</dict>
		<key>264F71C016E9A48F00E77FE0</key>
		<dict>
			<key>isa</key>
			<string>PBXFileReference</string>
			<key>lastKnownFileType</key>
			<string>image.png</string>
			<key>path</key>
			<string>tyresize2.png</string>
			<key>sourceTree</key>
			<string>&lt;group&gt;</string>
		</dict>
		<key>264F71C116E9A48F00E77FE0</key>
		<dict>
			<key>isa</key>
			<string>PBXFileReference</string>
			<key>lastKnownFileType</key>
			<string>image.png</string>
			<key>path</key>
			<string>tyresize2_zh.png</string>
			<key>sourceTree</key>
			<string>&lt;group&gt;</string>
		</dict>
		<key>264F71C216E9A48F00E77FE0</key>
		<dict>
			<key>isa</key>
			<string>PBXFileReference</string>
			<key>lastKnownFileType</key>
			<string>image.png</string>
			<key>path</key>
			<string>welcome.png</string>
			<key>sourceTree</key>
			<string>&lt;group&gt;</string>
		</dict>
		<key>264F71C416E9A48F00E77FE0</key>
		<dict>
			<key>fileRef</key>
			<string>264F71C016E9A48F00E77FE0</string>
			<key>isa</key>
			<string>PBXBuildFile</string>
		</dict>
		<key>264F71C516E9A48F00E77FE0</key>
		<dict>
			<key>fileRef</key>
			<string>264F71C116E9A48F00E77FE0</string>
			<key>isa</key>
			<string>PBXBuildFile</string>
		</dict>
		<key>264F71C616E9A48F00E77FE0</key>
		<dict>
			<key>fileRef</key>
			<string>264F71C216E9A48F00E77FE0</string>
			<key>isa</key>
			<string>PBXBuildFile</string>
		</dict>
		<key>26C982C516E9AA1B00295FAE</key>
		<dict>
			<key>isa</key>
			<string>PBXFileReference</string>
			<key>lastKnownFileType</key>
			<string>image.png</string>
			<key>name</key>
			<string>Icon.png</string>
			<key>path</key>
			<string>tyresize/Icon.png</string>
			<key>sourceTree</key>
			<string>SOURCE_ROOT</string>
		</dict>
		<key>26C982C616E9AA1B00295FAE</key>
		<dict>
			<key>isa</key>
			<string>PBXFileReference</string>
			<key>lastKnownFileType</key>
			<string>image.png</string>
			<key>name</key>
			<string>Icon@2x.png</string>
			<key>path</key>
			<string>tyresize/Icon@2x.png</string>
			<key>sourceTree</key>
			<string>SOURCE_ROOT</string>
		</dict>
		<key>26C982C716E9AA1B00295FAE</key>
		<dict>
			<key>fileRef</key>
			<string>26C982C516E9AA1B00295FAE</string>
			<key>isa</key>
			<string>PBXBuildFile</string>
		</dict>
		<key>26C982C816E9AA1B00295FAE</key>
		<dict>
			<key>fileRef</key>
			<string>26C982C616E9AA1B00295FAE</string>
			<key>isa</key>
			<string>PBXBuildFile</string>
		</dict>
		<key>26C982C916E9AA2300295FAE</key>
		<dict>
			<key>isa</key>
			<string>PBXFileReference</string>
			<key>lastKnownFileType</key>
			<string>image.png</string>
			<key>path</key>
			<string>Icon.png</string>
			<key>sourceTree</key>
			<string>&lt;group&gt;</string>
		</dict>
		<key>26C982CA16E9AA2300295FAE</key>
		<dict>
			<key>fileRef</key>
			<string>26C982C916E9AA2300295FAE</string>
			<key>isa</key>
			<string>PBXBuildFile</string>
		</dict>
		<key>26C982CB16E9AA2700295FAE</key>
		<dict>
			<key>isa</key>
			<string>PBXFileReference</string>
			<key>lastKnownFileType</key>
			<string>image.png</string>
			<key>path</key>
			<string>Icon@2x.png</string>
			<key>sourceTree</key>
			<string>&lt;group&gt;</string>
		</dict>
		<key>26C982CC16E9AA2700295FAE</key>
		<dict>
			<key>fileRef</key>
			<string>26C982CB16E9AA2700295FAE</string>
			<key>isa</key>
			<string>PBXBuildFile</string>
		</dict>
		<key>26C982CD16E9AA6C00295FAE</key>
		<dict>
			<key>fileEncoding</key>
			<string>4</string>
			<key>isa</key>
			<string>PBXFileReference</string>
			<key>lastKnownFileType</key>
			<string>sourcecode.c.h</string>
			<key>name</key>
			<string>MainViewController.h</string>
			<key>path</key>
			<string>ViewController/MainViewController.h</string>
			<key>sourceTree</key>
			<string>&lt;group&gt;</string>
		</dict>
		<key>26C982CE16E9AA6C00295FAE</key>
		<dict>
			<key>fileEncoding</key>
			<string>4</string>
			<key>isa</key>
			<string>PBXFileReference</string>
			<key>lastKnownFileType</key>
			<string>sourcecode.c.objc</string>
			<key>name</key>
			<string>MainViewController.m</string>
			<key>path</key>
			<string>ViewController/MainViewController.m</string>
			<key>sourceTree</key>
			<string>&lt;group&gt;</string>
		</dict>
		<key>26C982CF16E9AA6C00295FAE</key>
		<dict>
			<key>fileRef</key>
			<string>26C982CE16E9AA6C00295FAE</string>
			<key>isa</key>
			<string>PBXBuildFile</string>
		</dict>
		<key>26C982D216E9AEF100295FAE</key>
		<dict>
			<key>fileEncoding</key>
			<string>4</string>
			<key>isa</key>
			<string>PBXFileReference</string>
			<key>lastKnownFileType</key>
			<string>sourcecode.c.h</string>
			<key>name</key>
			<string>KBViewController.h</string>
			<key>path</key>
			<string>ViewController/KBViewController.h</string>
			<key>sourceTree</key>
			<string>&lt;group&gt;</string>
		</dict>
		<key>26C982D316E9AEF100295FAE</key>
		<dict>
			<key>fileEncoding</key>
			<string>4</string>
			<key>isa</key>
			<string>PBXFileReference</string>
			<key>lastKnownFileType</key>
			<string>sourcecode.c.objc</string>
			<key>name</key>
			<string>KBViewController.m</string>
			<key>path</key>
			<string>ViewController/KBViewController.m</string>
			<key>sourceTree</key>
			<string>&lt;group&gt;</string>
		</dict>
		<key>26C982D416E9AEF100295FAE</key>
		<dict>
			<key>fileRef</key>
			<string>26C982D316E9AEF100295FAE</string>
			<key>isa</key>
			<string>PBXBuildFile</string>
		</dict>
		<key>37520B2769C24344B1FBBE53</key>
		<dict>
			<key>fileRef</key>
			<string>1CC5B0A105C840CA862CA764</string>
			<key>isa</key>
			<string>PBXBuildFile</string>
		</dict>
		<key>75FCB94493244F6C9D7CFC4F</key>
		<dict>
			<key>buildActionMask</key>
			<string>2147483647</string>
			<key>files</key>
			<array/>
			<key>inputPaths</key>
			<array/>
			<key>isa</key>
			<string>PBXShellScriptBuildPhase</string>
			<key>name</key>
			<string>Check Pods Manifest.lock</string>
			<key>outputPaths</key>
			<array/>
			<key>runOnlyForDeploymentPostprocessing</key>
			<string>0</string>
			<key>shellPath</key>
			<string>/bin/sh</string>
			<key>shellScript</key>
			<string>diff "${PODS_ROOT}/../Podfile.lock" "${PODS_ROOT}/Manifest.lock" &gt; /dev/null
if [[ $? != 0 ]] ; then
    cat &lt;&lt; EOM
error: The sandbox is not in sync with the Podfile.lock. Run 'pod install' or update your CocoaPods installation.
EOM
    exit 1
fi
</string>
			<key>showEnvVarsInLog</key>
			<string>0</string>
		</dict>
		<key>DC4EF291DF764C24B99282E8</key>
		<dict>
			<key>includeInIndex</key>
			<string>1</string>
			<key>isa</key>
			<string>PBXFileReference</string>
			<key>lastKnownFileType</key>
			<string>text.xcconfig</string>
			<key>name</key>
			<string>Pods.xcconfig</string>
			<key>path</key>
			<string>Pods/Pods.xcconfig</string>
			<key>sourceTree</key>
			<string>SOURCE_ROOT</string>
		</dict>
	</dict>
	<key>rootObject</key>
	<string>264F719116E9A3EE00E77FE0</string>
</dict>
</plist>
